PODS:
  - AnyFormatKit (2.5.0)
  - SnapKit (4.0.1)

DEPENDENCIES:
  - AnyFormatKit (from `../`)
  - SnapKit (~> 4.0.0)

SPEC REPOS:
  trunk:
    - SnapKit

EXTERNAL SOURCES:
  AnyFormatKit:
    :path: "../"

SPEC CHECKSUMS:
  AnyFormatKit: 2ca2ad3f6fa0f6862a650342141d2bcaa42e9186
  SnapKit: 0de968a9fec17499afa29683b05d0c775b6d1c29

PODFILE CHECKSUM: 3b2233463479c8716321bdf1faf9974b8abd16c7

COCOAPODS: 1.10.0
