PODS:
  - AnyFormatKit (2.3.0)
  - SnapKit (4.0.1)

DEPENDENCIES:
  - AnyFormatKit (from `../`)
  - SnapKit (~> 4.0.0)

SPEC REPOS:
  trunk:
    - SnapKit

EXTERNAL SOURCES:
  AnyFormatKit:
    :path: "../"

SPEC CHECKSUMS:
  AnyFormatKit: c3c214deb03a53dee974bfd671f7fba9c568e3b7
  SnapKit: 0de968a9fec17499afa29683b05d0c775b6d1c29

PODFILE CHECKSUM: 3b2233463479c8716321bdf1faf9974b8abd16c7

COCOAPODS: 1.10.0
