// !$*UTF8*$!
{
	archiveVersion = 1;
	classes = {
	};
	objectVersion = 48;
	objects = {

/* Begin PBXBuildFile section */
		0210845725B57BD300DE16E4 /* TextUnformatter.swift in Sources */ = {isa = PBXBuildFile; fileRef = 0210845625B57BD300DE16E4 /* TextUnformatter.swift */; };
		0210845E25B57EBF00DE16E4 /* PlaceholderTextInputUnformattingTests.swift in Sources */ = {isa = PBXBuildFile; fileRef = 0210845D25B57EBF00DE16E4 /* PlaceholderTextInputUnformattingTests.swift */; };
		0210846725B57F8200DE16E4 /* DefaultTextInputUnformattingTests.swift in Sources */ = {isa = PBXBuildFile; fileRef = 0210846625B57F8200DE16E4 /* DefaultTextInputUnformattingTests.swift */; };
		0210846E25B5811F00DE16E4 /* DefaultTextFormatterTests.swift in Sources */ = {isa = PBXBuildFile; fileRef = 0210846D25B5811F00DE16E4 /* DefaultTextFormatterTests.swift */; };
		0210847425B5835300DE16E4 /* DefaultTextFormatterUnformatTests.swift in Sources */ = {isa = PBXBuildFile; fileRef = 0210847325B5835300DE16E4 /* DefaultTextFormatterUnformatTests.swift */; };
		0210847925B5854900DE16E4 /* SumTextInputFormatterUnformatTests.swift in Sources */ = {isa = PBXBuildFile; fileRef = 0210847825B5854900DE16E4 /* SumTextInputFormatterUnformatTests.swift */; };
		022766DC25BF4DD500740DFE /* PlaceholderCaretPositionCalculator.swift in Sources */ = {isa = PBXBuildFile; fileRef = 022766DB25BF4DD500740DFE /* PlaceholderCaretPositionCalculator.swift */; };
		02330C7125B2493500DE9EB8 /* DefaultTextInputFormatterPhoneEmojisInputTests.swift in Sources */ = {isa = PBXBuildFile; fileRef = 02330C7025B2493500DE9EB8 /* DefaultTextInputFormatterPhoneEmojisInputTests.swift */; };
		025AAB0F25C873B100CDA81D /* TextNumberFormatter.swift in Sources */ = {isa = PBXBuildFile; fileRef = 025AAB0E25C873B100CDA81D /* TextNumberFormatter.swift */; };
		026A487525C1E0CB000A38C7 /* CaretPositioner.swift in Sources */ = {isa = PBXBuildFile; fileRef = 026A487425C1E0CB000A38C7 /* CaretPositioner.swift */; };
		026A487B25C1E11F000A38C7 /* TextFieldStartInputController.swift in Sources */ = {isa = PBXBuildFile; fileRef = 026A487A25C1E11F000A38C7 /* TextFieldStartInputController.swift */; };
		026A488C25C1E626000A38C7 /* TextViewStartInputController.swift in Sources */ = {isa = PBXBuildFile; fileRef = 026A488B25C1E626000A38C7 /* TextViewStartInputController.swift */; };
		02902B7F25B5E87F00E3BF25 /* TextNumberUnformatter.swift in Sources */ = {isa = PBXBuildFile; fileRef = 02902B7E25B5E87F00E3BF25 /* TextNumberUnformatter.swift */; };
		02902B8525B5E90D00E3BF25 /* SumTextInputFormatterNumberUnformatTests.swift in Sources */ = {isa = PBXBuildFile; fileRef = 02902B8425B5E90D00E3BF25 /* SumTextInputFormatterNumberUnformatTests.swift */; };
		02902B8E25B5F27100E3BF25 /* DefaultTextInputFormatterFormatTests.swift in Sources */ = {isa = PBXBuildFile; fileRef = 02902B8D25B5F27100E3BF25 /* DefaultTextInputFormatterFormatTests.swift */; };
		02902B9625B5F2E500E3BF25 /* PlaceholderTextInputFormatterFormatTests.swift in Sources */ = {isa = PBXBuildFile; fileRef = 02902B9525B5F2E500E3BF25 /* PlaceholderTextInputFormatterFormatTests.swift */; };
		02902B9E25B5F36C00E3BF25 /* SumTextInputFormatterFormatTests.swift in Sources */ = {isa = PBXBuildFile; fileRef = 02902B9D25B5F36C00E3BF25 /* SumTextInputFormatterFormatTests.swift */; };
		02902BA425B5F39E00E3BF25 /* SumTextFormatterFormatTests.swift in Sources */ = {isa = PBXBuildFile; fileRef = 02902BA325B5F39E00E3BF25 /* SumTextFormatterFormatTests.swift */; };
		02D78BB225B3251A008837B7 /* DefaultTextInputFormatterEmojisInputTests.swift in Sources */ = {isa = PBXBuildFile; fileRef = 02D78BB125B3251A008837B7 /* DefaultTextInputFormatterEmojisInputTests.swift */; };
		02D78BC025B32BE7008837B7 /* PlaceholderTextInputFormatterEmojisInputTests.swift in Sources */ = {isa = PBXBuildFile; fileRef = 02D78BBF25B32BE7008837B7 /* PlaceholderTextInputFormatterEmojisInputTests.swift */; };
		02D78BC425B333A8008837B7 /* StringCalculator.swift in Sources */ = {isa = PBXBuildFile; fileRef = 02D78BC325B333A8008837B7 /* StringCalculator.swift */; };
		02D78BD125B356B5008837B7 /* example_card_number.gif in Resources */ = {isa = PBXBuildFile; fileRef = 02D78BCD25B356B5008837B7 /* example_card_number.gif */; };
		02D78BD225B356B5008837B7 /* example_placeholder_phone_number.gif in Resources */ = {isa = PBXBuildFile; fileRef = 02D78BCE25B356B5008837B7 /* example_placeholder_phone_number.gif */; };
		02D78BD325B356B5008837B7 /* example_phone_number.gif in Resources */ = {isa = PBXBuildFile; fileRef = 02D78BCF25B356B5008837B7 /* example_phone_number.gif */; };
		02D78BD425B356B5008837B7 /* example_sum.gif in Resources */ = {isa = PBXBuildFile; fileRef = 02D78BD025B356B5008837B7 /* example_sum.gif */; };
		3032CFBF21D412E1008137EE /* DefaultTextInputFormatter.swift in Sources */ = {isa = PBXBuildFile; fileRef = 3032CFBD21D412E1008137EE /* DefaultTextInputFormatter.swift */; };
		3032CFC021D412E1008137EE /* DefaultTextFormatter.swift in Sources */ = {isa = PBXBuildFile; fileRef = 3032CFBE21D412E1008137EE /* DefaultTextFormatter.swift */; };
		306EBE9F1FC4669100E49BB8 /* FormatParsingTests.swift in Sources */ = {isa = PBXBuildFile; fileRef = 306EBE9E1FC4669100E49BB8 /* FormatParsingTests.swift */; };
		307EA2331FAA1B5B00DE439D /* TextInputFormatter.swift in Sources */ = {isa = PBXBuildFile; fileRef = 307EA2191FAA1B5B00DE439D /* TextInputFormatter.swift */; };
		307EA2341FAA1B5B00DE439D /* TextFormatter.swift in Sources */ = {isa = PBXBuildFile; fileRef = 307EA21A1FAA1B5B00DE439D /* TextFormatter.swift */; };
		307F0F4222B0373E00C52AD2 /* SumTextInputFormatterWithSuffixDelete2SymbolsTests.swift in Sources */ = {isa = PBXBuildFile; fileRef = 307F0F4122B0373E00C52AD2 /* SumTextInputFormatterWithSuffixDelete2SymbolsTests.swift */; };
		307F0F4422B03A5B00C52AD2 /* SumTextInputFormatterWithSuffixDelete3SymbolsTests.swift in Sources */ = {isa = PBXBuildFile; fileRef = 307F0F4322B03A5B00C52AD2 /* SumTextInputFormatterWithSuffixDelete3SymbolsTests.swift */; };
		307F0F4622B03CBC00C52AD2 /* SumTextInputFormatterWithSuffixReplace1SymbolTests.swift in Sources */ = {isa = PBXBuildFile; fileRef = 307F0F4522B03CBC00C52AD2 /* SumTextInputFormatterWithSuffixReplace1SymbolTests.swift */; };
		307F0F4822B0405A00C52AD2 /* SumTextInputFormatterWithSuffixReplace2SymbolsTests.swift in Sources */ = {isa = PBXBuildFile; fileRef = 307F0F4722B0405A00C52AD2 /* SumTextInputFormatterWithSuffixReplace2SymbolsTests.swift */; };
		30824C0F22B17329008E1E4E /* SumTextInputFormatterWithSuffixReplace3SymbolsTests.swift in Sources */ = {isa = PBXBuildFile; fileRef = 30824C0E22B17329008E1E4E /* SumTextInputFormatterWithSuffixReplace3SymbolsTests.swift */; };
		30824C1122B176F2008E1E4E /* SumTextInputFormatterWithSuffixReplaceWith0Tests.swift in Sources */ = {isa = PBXBuildFile; fileRef = 30824C1022B176F2008E1E4E /* SumTextInputFormatterWithSuffixReplaceWith0Tests.swift */; };
		309BD5B322B2BBF400BA69EF /* SumTextInputFormatterWithSuffixInsert2SymbolsTests.swift in Sources */ = {isa = PBXBuildFile; fileRef = 309BD5B222B2BBF400BA69EF /* SumTextInputFormatterWithSuffixInsert2SymbolsTests.swift */; };
		309BD5B622B2C2FD00BA69EF /* SumTextInputtFormaterWithPrefix3SymbolnsertTests.swift in Sources */ = {isa = PBXBuildFile; fileRef = 309BD5B522B2C2FD00BA69EF /* SumTextInputtFormaterWithPrefix3SymbolnsertTests.swift */; };
		30A0495922B51963001F6282 /* SumTextInputFormatterWithPrefixInputTests.swift in Sources */ = {isa = PBXBuildFile; fileRef = 30A0495822B51962001F6282 /* SumTextInputFormatterWithPrefixInputTests.swift */; };
		30A0495B22B520BF001F6282 /* SumTextInputFormatterWithPrefix3SymbolsReplaceTests.swift in Sources */ = {isa = PBXBuildFile; fileRef = 30A0495A22B520BF001F6282 /* SumTextInputFormatterWithPrefix3SymbolsReplaceTests.swift */; };
		30A0495D22B5240E001F6282 /* SumTextInputFormatterWithPrefixBy1SymbolErasingTests.swift in Sources */ = {isa = PBXBuildFile; fileRef = 30A0495C22B5240E001F6282 /* SumTextInputFormatterWithPrefixBy1SymbolErasingTests.swift */; };
		30A0495F22B52752001F6282 /* SumTextInputFormatterWithPrefixDelete3SymbolsTests.swift in Sources */ = {isa = PBXBuildFile; fileRef = 30A0495E22B52752001F6282 /* SumTextInputFormatterWithPrefixDelete3SymbolsTests.swift */; };
		30A0497322B532FC001F6282 /* SumTextInputFormatterInsert3Symbols.swift in Sources */ = {isa = PBXBuildFile; fileRef = 30A0497222B532FC001F6282 /* SumTextInputFormatterInsert3Symbols.swift */; };
		30A0497522B535CF001F6282 /* SumTextInputFormatterReplace3SymbolsTests.swift in Sources */ = {isa = PBXBuildFile; fileRef = 30A0497422B535CF001F6282 /* SumTextInputFormatterReplace3SymbolsTests.swift */; };
		30A0497722B537F4001F6282 /* SumTextInputFormatterErasingBy1SymbolTests.swift in Sources */ = {isa = PBXBuildFile; fileRef = 30A0497622B537F4001F6282 /* SumTextInputFormatterErasingBy1SymbolTests.swift */; };
		30A0497922B53B03001F6282 /* SumTextInputFormatterDelete3SymbolsTests.swift in Sources */ = {isa = PBXBuildFile; fileRef = 30A0497822B53B03001F6282 /* SumTextInputFormatterDelete3SymbolsTests.swift */; };
		30A0497A22B53D7A001F6282 /* SumTextInputFormatterInputTests.swift in Sources */ = {isa = PBXBuildFile; fileRef = 30A0496E22B52F86001F6282 /* SumTextInputFormatterInputTests.swift */; };
		30A308962072BA7300CFC062 /* CaretPositionCorrector.swift in Sources */ = {isa = PBXBuildFile; fileRef = 30A308952072BA7300CFC062 /* CaretPositionCorrector.swift */; };
		30ADF14923AA688600C67530 /* SumTextInputFormatterSpaceGroupSeparatorDelete1SymbolsTests.swift in Sources */ = {isa = PBXBuildFile; fileRef = 30ADF14823AA688600C67530 /* SumTextInputFormatterSpaceGroupSeparatorDelete1SymbolsTests.swift */; };
		30C5F53C1FAB6593003711D1 /* anyformatkit.png in Resources */ = {isa = PBXBuildFile; fileRef = 30C5F53B1FAB6593003711D1 /* anyformatkit.png */; };
		30C6787D2286B45000F43F9E /* SumTextFormatter.swift in Sources */ = {isa = PBXBuildFile; fileRef = 30C6787C2286B45000F43F9E /* SumTextFormatter.swift */; };
		30D1A4C822AEF9280075764E /* SumTextInputFormatterWithSuffixDelete1SymbolTests.swift in Sources */ = {isa = PBXBuildFile; fileRef = 30D1A4C722AEF9280075764E /* SumTextInputFormatterWithSuffixDelete1SymbolTests.swift */; };
		30D1A4CA22AEF9770075764E /* SumTextInputFormatterWithSuffixInputTests.swift in Sources */ = {isa = PBXBuildFile; fileRef = 30D1A4C922AEF9770075764E /* SumTextInputFormatterWithSuffixInputTests.swift */; };
		30D7EAA6229C659B0014E31B /* SumFormatParserTests.swift in Sources */ = {isa = PBXBuildFile; fileRef = 30D7EAA5229C659B0014E31B /* SumFormatParserTests.swift */; };
		30D7EAAB229D55A20014E31B /* AnyFormatKit 0.2.0 MigrationGuide.md in Resources */ = {isa = PBXBuildFile; fileRef = 30D7EAAA229D55A20014E31B /* AnyFormatKit 0.2.0 MigrationGuide.md */; };
		30D7EAAD229D56D20014E31B /* README.md in Resources */ = {isa = PBXBuildFile; fileRef = 30D7EAAC229D56D20014E31B /* README.md */; };
		30EB6C9522BAB63D00447D5A /* SumTextInputFormatterInput0Tests.swift in Sources */ = {isa = PBXBuildFile; fileRef = 30EB6C9422BAB63D00447D5A /* SumTextInputFormatterInput0Tests.swift */; };
		30EB6C9722BAB72500447D5A /* SumTextInputFormatterWithSuffixInput0Tests.swift in Sources */ = {isa = PBXBuildFile; fileRef = 30EB6C9622BAB72500447D5A /* SumTextInputFormatterWithSuffixInput0Tests.swift */; };
		30EB6C9B22BB39BA00447D5A /* SumTextInputFormatterWith2SymbolsPrefixInputTests.swift in Sources */ = {isa = PBXBuildFile; fileRef = 30EB6C9A22BB39BA00447D5A /* SumTextInputFormatterWith2SymbolsPrefixInputTests.swift */; };
		30EB6CA222BB484D00447D5A /* SumTextInputFormatterWith2SymbolsPrefixBy1SymbolErasingTests.swift in Sources */ = {isa = PBXBuildFile; fileRef = 30EB6CA122BB484D00447D5A /* SumTextInputFormatterWith2SymbolsPrefixBy1SymbolErasingTests.swift */; };
		30EB6CA422BB49D400447D5A /* SumTextInputFormatterWith2SymbolsPrefixDelete3SymbolsTests.swift in Sources */ = {isa = PBXBuildFile; fileRef = 30EB6CA322BB49D400447D5A /* SumTextInputFormatterWith2SymbolsPrefixDelete3SymbolsTests.swift */; };
		30EB6CA922BB608F00447D5A /* SumTextInputFormatterWith2SymbolsSuffixBy1SymbolInputTests.swift in Sources */ = {isa = PBXBuildFile; fileRef = 30EB6CA822BB608F00447D5A /* SumTextInputFormatterWith2SymbolsSuffixBy1SymbolInputTests.swift */; };
		30EB6CAD22BB61F600447D5A /* SumTextInputFormatterWith2SymbolsSuffixInsert2SymbolsTests.swift in Sources */ = {isa = PBXBuildFile; fileRef = 30EB6CAC22BB61F600447D5A /* SumTextInputFormatterWith2SymbolsSuffixInsert2SymbolsTests.swift */; };
		30EB6CAF22BB651E00447D5A /* SumTextInputFormatterWith2SymbolsSuffixBy1SymbolErasingTests.swift in Sources */ = {isa = PBXBuildFile; fileRef = 30EB6CAE22BB651E00447D5A /* SumTextInputFormatterWith2SymbolsSuffixBy1SymbolErasingTests.swift */; };
		30EB6CB122BB69A000447D5A /* SumTextInputFormatterWith2SymbolsSuffixDelete3SymbolsTests.swift in Sources */ = {isa = PBXBuildFile; fileRef = 30EB6CB022BB69A000447D5A /* SumTextInputFormatterWith2SymbolsSuffixDelete3SymbolsTests.swift */; };
		30EB6CB822BB870E00447D5A /* SumFormatParser.swift in Sources */ = {isa = PBXBuildFile; fileRef = 30EB6CB522BB870E00447D5A /* SumFormatParser.swift */; };
		30EB6CB922BB870E00447D5A /* SumTextInputFormatterCaretPositionCalculator.swift in Sources */ = {isa = PBXBuildFile; fileRef = 30EB6CB622BB870E00447D5A /* SumTextInputFormatterCaretPositionCalculator.swift */; };
		30EB6CBA22BB870E00447D5A /* SumTextInputFormatter.swift in Sources */ = {isa = PBXBuildFile; fileRef = 30EB6CB722BB870E00447D5A /* SumTextInputFormatter.swift */; };
		30FE6FE21FAA13D30024D1B1 /* AnyFormatKit.framework in Frameworks */ = {isa = PBXBuildFile; fileRef = 30FE6FD81FAA13D30024D1B1 /* AnyFormatKit.framework */; };
		30FE6FE71FAA13D30024D1B1 /* AnyFormatKitTests.swift in Sources */ = {isa = PBXBuildFile; fileRef = 30FE6FE61FAA13D30024D1B1 /* AnyFormatKitTests.swift */; };
		30FE70541FAA16890024D1B1 /* AnyFormatKit.podspec in Resources */ = {isa = PBXBuildFile; fileRef = 30FE70531FAA16890024D1B1 /* AnyFormatKit.podspec */; };
		30FE70561FAA16910024D1B1 /* LICENSE in Resources */ = {isa = PBXBuildFile; fileRef = 30FE70551FAA16910024D1B1 /* LICENSE */; };
		30FF730F22AD939D005FBC38 /* DefaultTextInputFormatterInputTests.swift in Sources */ = {isa = PBXBuildFile; fileRef = 30FF730E22AD939D005FBC38 /* DefaultTextInputFormatterInputTests.swift */; };
		30FF731122AD9BAB005FBC38 /* DefaultTextInputFormatterDeleteTests.swift in Sources */ = {isa = PBXBuildFile; fileRef = 30FF731022AD9BAB005FBC38 /* DefaultTextInputFormatterDeleteTests.swift */; };
		30FF731322ADA53D005FBC38 /* DefaultTextInputFormatter1SymbolReplaceTests.swift in Sources */ = {isa = PBXBuildFile; fileRef = 30FF731222ADA53D005FBC38 /* DefaultTextInputFormatter1SymbolReplaceTests.swift */; };
		30FF731522ADA7A4005FBC38 /* DefaultTextInputFormatter2SymbolsReplaceTests.swift in Sources */ = {isa = PBXBuildFile; fileRef = 30FF731422ADA7A4005FBC38 /* DefaultTextInputFormatter2SymbolsReplaceTests.swift */; };
		30FF731722ADB380005FBC38 /* DefaultTextInputFormatter3SymbolsReplace.swift in Sources */ = {isa = PBXBuildFile; fileRef = 30FF731622ADB380005FBC38 /* DefaultTextInputFormatter3SymbolsReplace.swift */; };
		D8C1ABCF22E21DAE007ABE08 /* String+Extension.swift in Sources */ = {isa = PBXBuildFile; fileRef = 307EA22D1FAA1B5B00DE439D /* String+Extension.swift */; };
		DB4EEE94255D9A6700F02145 /* UITextField+Extension.swift in Sources */ = {isa = PBXBuildFile; fileRef = DB4EEE93255D9A6700F02145 /* UITextField+Extension.swift */; };
		DB4EEE98255D9A8B00F02145 /* UITextView+Extension.swift in Sources */ = {isa = PBXBuildFile; fileRef = DB4EEE97255D9A8B00F02145 /* UITextView+Extension.swift */; };
		DB4EEE9E255D9B9400F02145 /* TextViewInputController.swift in Sources */ = {isa = PBXBuildFile; fileRef = DB4EEE9D255D9B9400F02145 /* TextViewInputController.swift */; };
		DB4EEEAA255D9F2A00F02145 /* PlaceholderTextInputFormatter.swift in Sources */ = {isa = PBXBuildFile; fileRef = DB4EEEA9255D9F2A00F02145 /* PlaceholderTextInputFormatter.swift */; };
		DB4EEEAE255D9FBA00F02145 /* PlaceholderTextFormatter.swift in Sources */ = {isa = PBXBuildFile; fileRef = DB4EEEAD255D9FBA00F02145 /* PlaceholderTextFormatter.swift */; };
		DB4EEEBB255DA1C200F02145 /* PlaceholderFormatterUnformattingTests.swift in Sources */ = {isa = PBXBuildFile; fileRef = DB4EEEB7255DA18500F02145 /* PlaceholderFormatterUnformattingTests.swift */; };
		DB4EEEC1255DAEBE00F02145 /* PlaceholderFormatterFormattingTests.swift in Sources */ = {isa = PBXBuildFile; fileRef = DB4EEEC0255DAEBE00F02145 /* PlaceholderFormatterFormattingTests.swift */; };
		DB4EEECA255DB1C700F02145 /* PlaceholderTextInputFormatterInputTests.swift in Sources */ = {isa = PBXBuildFile; fileRef = DB4EEEC9255DB1C700F02145 /* PlaceholderTextInputFormatterInputTests.swift */; };
		DB4EEED9255DB82C00F02145 /* FormattedTextValue.swift in Sources */ = {isa = PBXBuildFile; fileRef = DB4EEED5255DB80700F02145 /* FormattedTextValue.swift */; };
		DB4EEEDF255E974700F02145 /* PlaceholderTextInputFormatterInsert3SymbolsTests.swift in Sources */ = {isa = PBXBuildFile; fileRef = DB4EEEDE255E974700F02145 /* PlaceholderTextInputFormatterInsert3SymbolsTests.swift */; };
		DB4EEEE5255E9C8E00F02145 /* PlaceholderTextInputFormatterErasingBy1SymbolTests.swift in Sources */ = {isa = PBXBuildFile; fileRef = DB4EEEE4255E9C8E00F02145 /* PlaceholderTextInputFormatterErasingBy1SymbolTests.swift */; };
		DB4EEEEB255EA08E00F02145 /* PlaceholderTextInputFormatterDelete3SymbolsTests.swift in Sources */ = {isa = PBXBuildFile; fileRef = DB4EEEEA255EA08E00F02145 /* PlaceholderTextInputFormatterDelete3SymbolsTests.swift */; };
		DB4EEEF0255EA32D00F02145 /* PlaceholderTextInputFormatterReplace3SymbolsTests.swift in Sources */ = {isa = PBXBuildFile; fileRef = DB4EEEEF255EA32D00F02145 /* PlaceholderTextInputFormatterReplace3SymbolsTests.swift */; };
		DB9D077B255D98BA00D9FD64 /* TextFieldInputController.swift in Sources */ = {isa = PBXBuildFile; fileRef = DB9D077A255D98BA00D9FD64 /* TextFieldInputController.swift */; };
		DBD9F4CE23C7967000829051 /* SumTextInputFormatterWithSimilarCharactersInSuffixAndGroupSeparatorDelete1SymbolTests.swift in Sources */ = {isa = PBXBuildFile; fileRef = DBD9F4CD23C7967000829051 /* SumTextInputFormatterWithSimilarCharactersInSuffixAndGroupSeparatorDelete1SymbolTests.swift */; };
/* End PBXBuildFile section */

/* Begin PBXContainerItemProxy section */
		30FE6FE31FAA13D30024D1B1 /* PBXContainerItemProxy */ = {
			isa = PBXContainerItemProxy;
			containerPortal = 30FE6FCF1FAA13D30024D1B1 /* Project object */;
			proxyType = 1;
			remoteGlobalIDString = 30FE6FD71FAA13D30024D1B1;
			remoteInfo = AnyFormatKit;
		};
/* End PBXContainerItemProxy section */

/* Begin PBXFileReference section */
		0210845625B57BD300DE16E4 /* TextUnformatter.swift */ = {isa = PBXFileReference; lastKnownFileType = sourcecode.swift; path = TextUnformatter.swift; sourceTree = "<group>"; };
		0210845D25B57EBF00DE16E4 /* PlaceholderTextInputUnformattingTests.swift */ = {isa = PBXFileReference; lastKnownFileType = sourcecode.swift; path = PlaceholderTextInputUnformattingTests.swift; sourceTree = "<group>"; };
		0210846625B57F8200DE16E4 /* DefaultTextInputUnformattingTests.swift */ = {isa = PBXFileReference; lastKnownFileType = sourcecode.swift; path = DefaultTextInputUnformattingTests.swift; sourceTree = "<group>"; };
		0210846D25B5811F00DE16E4 /* DefaultTextFormatterTests.swift */ = {isa = PBXFileReference; lastKnownFileType = sourcecode.swift; path = DefaultTextFormatterTests.swift; sourceTree = "<group>"; };
		0210847325B5835300DE16E4 /* DefaultTextFormatterUnformatTests.swift */ = {isa = PBXFileReference; lastKnownFileType = sourcecode.swift; path = DefaultTextFormatterUnformatTests.swift; sourceTree = "<group>"; };
		0210847825B5854900DE16E4 /* SumTextInputFormatterUnformatTests.swift */ = {isa = PBXFileReference; lastKnownFileType = sourcecode.swift; path = SumTextInputFormatterUnformatTests.swift; sourceTree = "<group>"; };
		022766DB25BF4DD500740DFE /* PlaceholderCaretPositionCalculator.swift */ = {isa = PBXFileReference; lastKnownFileType = sourcecode.swift; path = PlaceholderCaretPositionCalculator.swift; sourceTree = "<group>"; };
		02330C7025B2493500DE9EB8 /* DefaultTextInputFormatterPhoneEmojisInputTests.swift */ = {isa = PBXFileReference; lastKnownFileType = sourcecode.swift; path = DefaultTextInputFormatterPhoneEmojisInputTests.swift; sourceTree = "<group>"; };
		024A797625C73D3400478A15 /* AnyFormatKit 2.4.0 MigrationGuide.md */ = {isa = PBXFileReference; lastKnownFileType = net.daringfireball.markdown; path = "AnyFormatKit 2.4.0 MigrationGuide.md"; sourceTree = "<group>"; };
		025AAB0E25C873B100CDA81D /* TextNumberFormatter.swift */ = {isa = PBXFileReference; lastKnownFileType = sourcecode.swift; path = TextNumberFormatter.swift; sourceTree = "<group>"; };
		026A487425C1E0CB000A38C7 /* CaretPositioner.swift */ = {isa = PBXFileReference; lastKnownFileType = sourcecode.swift; path = CaretPositioner.swift; sourceTree = "<group>"; };
		026A487A25C1E11F000A38C7 /* TextFieldStartInputController.swift */ = {isa = PBXFileReference; lastKnownFileType = sourcecode.swift; path = TextFieldStartInputController.swift; sourceTree = "<group>"; };
		026A488B25C1E626000A38C7 /* TextViewStartInputController.swift */ = {isa = PBXFileReference; lastKnownFileType = sourcecode.swift; path = TextViewStartInputController.swift; sourceTree = "<group>"; };
		02902B7E25B5E87F00E3BF25 /* TextNumberUnformatter.swift */ = {isa = PBXFileReference; lastKnownFileType = sourcecode.swift; path = TextNumberUnformatter.swift; sourceTree = "<group>"; };
		02902B8425B5E90D00E3BF25 /* SumTextInputFormatterNumberUnformatTests.swift */ = {isa = PBXFileReference; lastKnownFileType = sourcecode.swift; path = SumTextInputFormatterNumberUnformatTests.swift; sourceTree = "<group>"; };
		02902B8D25B5F27100E3BF25 /* DefaultTextInputFormatterFormatTests.swift */ = {isa = PBXFileReference; lastKnownFileType = sourcecode.swift; path = DefaultTextInputFormatterFormatTests.swift; sourceTree = "<group>"; };
		02902B9525B5F2E500E3BF25 /* PlaceholderTextInputFormatterFormatTests.swift */ = {isa = PBXFileReference; lastKnownFileType = sourcecode.swift; path = PlaceholderTextInputFormatterFormatTests.swift; sourceTree = "<group>"; };
		02902B9D25B5F36C00E3BF25 /* SumTextInputFormatterFormatTests.swift */ = {isa = PBXFileReference; lastKnownFileType = sourcecode.swift; path = SumTextInputFormatterFormatTests.swift; sourceTree = "<group>"; };
		02902BA325B5F39E00E3BF25 /* SumTextFormatterFormatTests.swift */ = {isa = PBXFileReference; lastKnownFileType = sourcecode.swift; path = SumTextFormatterFormatTests.swift; sourceTree = "<group>"; };
		02D78BB125B3251A008837B7 /* DefaultTextInputFormatterEmojisInputTests.swift */ = {isa = PBXFileReference; lastKnownFileType = sourcecode.swift; path = DefaultTextInputFormatterEmojisInputTests.swift; sourceTree = "<group>"; };
		02D78BBF25B32BE7008837B7 /* PlaceholderTextInputFormatterEmojisInputTests.swift */ = {isa = PBXFileReference; lastKnownFileType = sourcecode.swift; path = PlaceholderTextInputFormatterEmojisInputTests.swift; sourceTree = "<group>"; };
		02D78BC325B333A8008837B7 /* StringCalculator.swift */ = {isa = PBXFileReference; lastKnownFileType = sourcecode.swift; path = StringCalculator.swift; sourceTree = "<group>"; };
		02D78BCD25B356B5008837B7 /* example_card_number.gif */ = {isa = PBXFileReference; lastKnownFileType = image.gif; path = example_card_number.gif; sourceTree = "<group>"; };
		02D78BCE25B356B5008837B7 /* example_placeholder_phone_number.gif */ = {isa = PBXFileReference; lastKnownFileType = image.gif; path = example_placeholder_phone_number.gif; sourceTree = "<group>"; };
		02D78BCF25B356B5008837B7 /* example_phone_number.gif */ = {isa = PBXFileReference; lastKnownFileType = image.gif; path = example_phone_number.gif; sourceTree = "<group>"; };
		02D78BD025B356B5008837B7 /* example_sum.gif */ = {isa = PBXFileReference; lastKnownFileType = image.gif; path = example_sum.gif; sourceTree = "<group>"; };
		3032CFBD21D412E1008137EE /* DefaultTextInputFormatter.swift */ = {isa = PBXFileReference; fileEncoding = 4; lastKnownFileType = sourcecode.swift; path = DefaultTextInputFormatter.swift; sourceTree = "<group>"; };
		3032CFBE21D412E1008137EE /* DefaultTextFormatter.swift */ = {isa = PBXFileReference; fileEncoding = 4; lastKnownFileType = sourcecode.swift; path = DefaultTextFormatter.swift; sourceTree = "<group>"; };
		306EBE9E1FC4669100E49BB8 /* FormatParsingTests.swift */ = {isa = PBXFileReference; lastKnownFileType = sourcecode.swift; path = FormatParsingTests.swift; sourceTree = "<group>"; };
		307EA2191FAA1B5B00DE439D /* TextInputFormatter.swift */ = {isa = PBXFileReference; fileEncoding = 4; lastKnownFileType = sourcecode.swift; path = TextInputFormatter.swift; sourceTree = "<group>"; };
		307EA21A1FAA1B5B00DE439D /* TextFormatter.swift */ = {isa = PBXFileReference; fileEncoding = 4; lastKnownFileType = sourcecode.swift; path = TextFormatter.swift; sourceTree = "<group>"; };
		307EA22D1FAA1B5B00DE439D /* String+Extension.swift */ = {isa = PBXFileReference; fileEncoding = 4; lastKnownFileType = sourcecode.swift; path = "String+Extension.swift"; sourceTree = "<group>"; };
		307EA2301FAA1B5B00DE439D /* Info.plist */ = {isa = PBXFileReference; fileEncoding = 4; lastKnownFileType = text.plist.xml; path = Info.plist; sourceTree = "<group>"; };
		307F0F4122B0373E00C52AD2 /* SumTextInputFormatterWithSuffixDelete2SymbolsTests.swift */ = {isa = PBXFileReference; lastKnownFileType = sourcecode.swift; path = SumTextInputFormatterWithSuffixDelete2SymbolsTests.swift; sourceTree = "<group>"; };
		307F0F4322B03A5B00C52AD2 /* SumTextInputFormatterWithSuffixDelete3SymbolsTests.swift */ = {isa = PBXFileReference; lastKnownFileType = sourcecode.swift; path = SumTextInputFormatterWithSuffixDelete3SymbolsTests.swift; sourceTree = "<group>"; };
		307F0F4522B03CBC00C52AD2 /* SumTextInputFormatterWithSuffixReplace1SymbolTests.swift */ = {isa = PBXFileReference; lastKnownFileType = sourcecode.swift; path = SumTextInputFormatterWithSuffixReplace1SymbolTests.swift; sourceTree = "<group>"; };
		307F0F4722B0405A00C52AD2 /* SumTextInputFormatterWithSuffixReplace2SymbolsTests.swift */ = {isa = PBXFileReference; lastKnownFileType = sourcecode.swift; path = SumTextInputFormatterWithSuffixReplace2SymbolsTests.swift; sourceTree = "<group>"; };
		30824C0E22B17329008E1E4E /* SumTextInputFormatterWithSuffixReplace3SymbolsTests.swift */ = {isa = PBXFileReference; lastKnownFileType = sourcecode.swift; path = SumTextInputFormatterWithSuffixReplace3SymbolsTests.swift; sourceTree = "<group>"; };
		30824C1022B176F2008E1E4E /* SumTextInputFormatterWithSuffixReplaceWith0Tests.swift */ = {isa = PBXFileReference; lastKnownFileType = sourcecode.swift; path = SumTextInputFormatterWithSuffixReplaceWith0Tests.swift; sourceTree = "<group>"; };
		309BD5B222B2BBF400BA69EF /* SumTextInputFormatterWithSuffixInsert2SymbolsTests.swift */ = {isa = PBXFileReference; lastKnownFileType = sourcecode.swift; path = SumTextInputFormatterWithSuffixInsert2SymbolsTests.swift; sourceTree = "<group>"; };
		309BD5B522B2C2FD00BA69EF /* SumTextInputtFormaterWithPrefix3SymbolnsertTests.swift */ = {isa = PBXFileReference; lastKnownFileType = sourcecode.swift; path = SumTextInputtFormaterWithPrefix3SymbolnsertTests.swift; sourceTree = "<group>"; };
		30A0495822B51962001F6282 /* SumTextInputFormatterWithPrefixInputTests.swift */ = {isa = PBXFileReference; lastKnownFileType = sourcecode.swift; path = SumTextInputFormatterWithPrefixInputTests.swift; sourceTree = "<group>"; };
		30A0495A22B520BF001F6282 /* SumTextInputFormatterWithPrefix3SymbolsReplaceTests.swift */ = {isa = PBXFileReference; lastKnownFileType = sourcecode.swift; path = SumTextInputFormatterWithPrefix3SymbolsReplaceTests.swift; sourceTree = "<group>"; };
		30A0495C22B5240E001F6282 /* SumTextInputFormatterWithPrefixBy1SymbolErasingTests.swift */ = {isa = PBXFileReference; lastKnownFileType = sourcecode.swift; path = SumTextInputFormatterWithPrefixBy1SymbolErasingTests.swift; sourceTree = "<group>"; };
		30A0495E22B52752001F6282 /* SumTextInputFormatterWithPrefixDelete3SymbolsTests.swift */ = {isa = PBXFileReference; lastKnownFileType = sourcecode.swift; path = SumTextInputFormatterWithPrefixDelete3SymbolsTests.swift; sourceTree = "<group>"; };
		30A0496E22B52F86001F6282 /* SumTextInputFormatterInputTests.swift */ = {isa = PBXFileReference; fileEncoding = 4; lastKnownFileType = sourcecode.swift; path = SumTextInputFormatterInputTests.swift; sourceTree = "<group>"; };
		30A0497222B532FC001F6282 /* SumTextInputFormatterInsert3Symbols.swift */ = {isa = PBXFileReference; lastKnownFileType = sourcecode.swift; path = SumTextInputFormatterInsert3Symbols.swift; sourceTree = "<group>"; };
		30A0497422B535CF001F6282 /* SumTextInputFormatterReplace3SymbolsTests.swift */ = {isa = PBXFileReference; lastKnownFileType = sourcecode.swift; path = SumTextInputFormatterReplace3SymbolsTests.swift; sourceTree = "<group>"; };
		30A0497622B537F4001F6282 /* SumTextInputFormatterErasingBy1SymbolTests.swift */ = {isa = PBXFileReference; lastKnownFileType = sourcecode.swift; path = SumTextInputFormatterErasingBy1SymbolTests.swift; sourceTree = "<group>"; };
		30A0497822B53B03001F6282 /* SumTextInputFormatterDelete3SymbolsTests.swift */ = {isa = PBXFileReference; lastKnownFileType = sourcecode.swift; path = SumTextInputFormatterDelete3SymbolsTests.swift; sourceTree = "<group>"; };
		30A308952072BA7300CFC062 /* CaretPositionCorrector.swift */ = {isa = PBXFileReference; lastKnownFileType = sourcecode.swift; path = CaretPositionCorrector.swift; sourceTree = "<group>"; };
		30ADF14823AA688600C67530 /* SumTextInputFormatterSpaceGroupSeparatorDelete1SymbolsTests.swift */ = {isa = PBXFileReference; lastKnownFileType = sourcecode.swift; path = SumTextInputFormatterSpaceGroupSeparatorDelete1SymbolsTests.swift; sourceTree = "<group>"; };
		30C5F53B1FAB6593003711D1 /* anyformatkit.png */ = {isa = PBXFileReference; lastKnownFileType = image.png; path = anyformatkit.png; sourceTree = "<group>"; };
		30C6787C2286B45000F43F9E /* SumTextFormatter.swift */ = {isa = PBXFileReference; lastKnownFileType = sourcecode.swift; path = SumTextFormatter.swift; sourceTree = "<group>"; };
		30D1A4C722AEF9280075764E /* SumTextInputFormatterWithSuffixDelete1SymbolTests.swift */ = {isa = PBXFileReference; lastKnownFileType = sourcecode.swift; path = SumTextInputFormatterWithSuffixDelete1SymbolTests.swift; sourceTree = "<group>"; };
		30D1A4C922AEF9770075764E /* SumTextInputFormatterWithSuffixInputTests.swift */ = {isa = PBXFileReference; lastKnownFileType = sourcecode.swift; path = SumTextInputFormatterWithSuffixInputTests.swift; sourceTree = "<group>"; };
		30D7EAA5229C659B0014E31B /* SumFormatParserTests.swift */ = {isa = PBXFileReference; lastKnownFileType = sourcecode.swift; path = SumFormatParserTests.swift; sourceTree = "<group>"; };
		30D7EAAA229D55A20014E31B /* AnyFormatKit 0.2.0 MigrationGuide.md */ = {isa = PBXFileReference; fileEncoding = 4; lastKnownFileType = net.daringfireball.markdown; path = "AnyFormatKit 0.2.0 MigrationGuide.md"; sourceTree = "<group>"; };
		30D7EAAC229D56D20014E31B /* README.md */ = {isa = PBXFileReference; fileEncoding = 4; lastKnownFileType = net.daringfireball.markdown; path = README.md; sourceTree = SOURCE_ROOT; };
		30EB6C9422BAB63D00447D5A /* SumTextInputFormatterInput0Tests.swift */ = {isa = PBXFileReference; lastKnownFileType = sourcecode.swift; path = SumTextInputFormatterInput0Tests.swift; sourceTree = "<group>"; };
		30EB6C9622BAB72500447D5A /* SumTextInputFormatterWithSuffixInput0Tests.swift */ = {isa = PBXFileReference; lastKnownFileType = sourcecode.swift; path = SumTextInputFormatterWithSuffixInput0Tests.swift; sourceTree = "<group>"; };
		30EB6C9A22BB39BA00447D5A /* SumTextInputFormatterWith2SymbolsPrefixInputTests.swift */ = {isa = PBXFileReference; lastKnownFileType = sourcecode.swift; path = SumTextInputFormatterWith2SymbolsPrefixInputTests.swift; sourceTree = "<group>"; };
		30EB6CA122BB484D00447D5A /* SumTextInputFormatterWith2SymbolsPrefixBy1SymbolErasingTests.swift */ = {isa = PBXFileReference; lastKnownFileType = sourcecode.swift; path = SumTextInputFormatterWith2SymbolsPrefixBy1SymbolErasingTests.swift; sourceTree = "<group>"; };
		30EB6CA322BB49D400447D5A /* SumTextInputFormatterWith2SymbolsPrefixDelete3SymbolsTests.swift */ = {isa = PBXFileReference; lastKnownFileType = sourcecode.swift; path = SumTextInputFormatterWith2SymbolsPrefixDelete3SymbolsTests.swift; sourceTree = "<group>"; };
		30EB6CA822BB608F00447D5A /* SumTextInputFormatterWith2SymbolsSuffixBy1SymbolInputTests.swift */ = {isa = PBXFileReference; lastKnownFileType = sourcecode.swift; path = SumTextInputFormatterWith2SymbolsSuffixBy1SymbolInputTests.swift; sourceTree = "<group>"; };
		30EB6CAC22BB61F600447D5A /* SumTextInputFormatterWith2SymbolsSuffixInsert2SymbolsTests.swift */ = {isa = PBXFileReference; lastKnownFileType = sourcecode.swift; path = SumTextInputFormatterWith2SymbolsSuffixInsert2SymbolsTests.swift; sourceTree = "<group>"; };
		30EB6CAE22BB651E00447D5A /* SumTextInputFormatterWith2SymbolsSuffixBy1SymbolErasingTests.swift */ = {isa = PBXFileReference; lastKnownFileType = sourcecode.swift; path = SumTextInputFormatterWith2SymbolsSuffixBy1SymbolErasingTests.swift; sourceTree = "<group>"; };
		30EB6CB022BB69A000447D5A /* SumTextInputFormatterWith2SymbolsSuffixDelete3SymbolsTests.swift */ = {isa = PBXFileReference; lastKnownFileType = sourcecode.swift; path = SumTextInputFormatterWith2SymbolsSuffixDelete3SymbolsTests.swift; sourceTree = "<group>"; };
		30EB6CB522BB870E00447D5A /* SumFormatParser.swift */ = {isa = PBXFileReference; fileEncoding = 4; lastKnownFileType = sourcecode.swift; path = SumFormatParser.swift; sourceTree = "<group>"; };
		30EB6CB622BB870E00447D5A /* SumTextInputFormatterCaretPositionCalculator.swift */ = {isa = PBXFileReference; fileEncoding = 4; lastKnownFileType = sourcecode.swift; path = SumTextInputFormatterCaretPositionCalculator.swift; sourceTree = "<group>"; };
		30EB6CB722BB870E00447D5A /* SumTextInputFormatter.swift */ = {isa = PBXFileReference; fileEncoding = 4; lastKnownFileType = sourcecode.swift; path = SumTextInputFormatter.swift; sourceTree = "<group>"; };
		30EB6CBB22BBA0A000447D5A /* AnyFormatKit 1.0.0 MigrationGuide.md */ = {isa = PBXFileReference; lastKnownFileType = net.daringfireball.markdown; path = "AnyFormatKit 1.0.0 MigrationGuide.md"; sourceTree = "<group>"; };
		30FE6FD81FAA13D30024D1B1 /* AnyFormatKit.framework */ = {isa = PBXFileReference; explicitFileType = wrapper.framework; includeInIndex = 0; path = AnyFormatKit.framework; sourceTree = BUILT_PRODUCTS_DIR; };
		30FE6FE11FAA13D30024D1B1 /* AnyFormatKitTests.xctest */ = {isa = PBXFileReference; explicitFileType = wrapper.cfbundle; includeInIndex = 0; path = AnyFormatKitTests.xctest; sourceTree = BUILT_PRODUCTS_DIR; };
		30FE6FE61FAA13D30024D1B1 /* AnyFormatKitTests.swift */ = {isa = PBXFileReference; lastKnownFileType = sourcecode.swift; path = AnyFormatKitTests.swift; sourceTree = "<group>"; };
		30FE6FE81FAA13D30024D1B1 /* Info.plist */ = {isa = PBXFileReference; lastKnownFileType = text.plist.xml; path = Info.plist; sourceTree = "<group>"; };
		30FE70531FAA16890024D1B1 /* AnyFormatKit.podspec */ = {isa = PBXFileReference; fileEncoding = 4; lastKnownFileType = text; path = AnyFormatKit.podspec; sourceTree = "<group>"; };
		30FE70551FAA16910024D1B1 /* LICENSE */ = {isa = PBXFileReference; fileEncoding = 4; lastKnownFileType = text; path = LICENSE; sourceTree = "<group>"; };
		30FF730E22AD939D005FBC38 /* DefaultTextInputFormatterInputTests.swift */ = {isa = PBXFileReference; lastKnownFileType = sourcecode.swift; path = DefaultTextInputFormatterInputTests.swift; sourceTree = "<group>"; };
		30FF731022AD9BAB005FBC38 /* DefaultTextInputFormatterDeleteTests.swift */ = {isa = PBXFileReference; lastKnownFileType = sourcecode.swift; path = DefaultTextInputFormatterDeleteTests.swift; sourceTree = "<group>"; };
		30FF731222ADA53D005FBC38 /* DefaultTextInputFormatter1SymbolReplaceTests.swift */ = {isa = PBXFileReference; lastKnownFileType = sourcecode.swift; path = DefaultTextInputFormatter1SymbolReplaceTests.swift; sourceTree = "<group>"; };
		30FF731422ADA7A4005FBC38 /* DefaultTextInputFormatter2SymbolsReplaceTests.swift */ = {isa = PBXFileReference; lastKnownFileType = sourcecode.swift; path = DefaultTextInputFormatter2SymbolsReplaceTests.swift; sourceTree = "<group>"; };
		30FF731622ADB380005FBC38 /* DefaultTextInputFormatter3SymbolsReplace.swift */ = {isa = PBXFileReference; lastKnownFileType = sourcecode.swift; path = DefaultTextInputFormatter3SymbolsReplace.swift; sourceTree = "<group>"; };
		65A83891A67E941A00B08DC1 /* Pods_AnyFormatKit.framework */ = {isa = PBXFileReference; explicitFileType = wrapper.framework; includeInIndex = 0; path = Pods_AnyFormatKit.framework; sourceTree = BUILT_PRODUCTS_DIR; };
		D5C45219E0989FD4AAF70ECE /* Pods_AnyFormatKit_AnyFormatKitTests.framework */ = {isa = PBXFileReference; explicitFileType = wrapper.framework; includeInIndex = 0; path = Pods_AnyFormatKit_AnyFormatKitTests.framework; sourceTree = BUILT_PRODUCTS_DIR; };
		DB4EEE93255D9A6700F02145 /* UITextField+Extension.swift */ = {isa = PBXFileReference; lastKnownFileType = sourcecode.swift; path = "UITextField+Extension.swift"; sourceTree = "<group>"; };
		DB4EEE97255D9A8B00F02145 /* UITextView+Extension.swift */ = {isa = PBXFileReference; lastKnownFileType = sourcecode.swift; path = "UITextView+Extension.swift"; sourceTree = "<group>"; };
		DB4EEE9D255D9B9400F02145 /* TextViewInputController.swift */ = {isa = PBXFileReference; lastKnownFileType = sourcecode.swift; path = TextViewInputController.swift; sourceTree = "<group>"; };
		DB4EEEA9255D9F2A00F02145 /* PlaceholderTextInputFormatter.swift */ = {isa = PBXFileReference; lastKnownFileType = sourcecode.swift; path = PlaceholderTextInputFormatter.swift; sourceTree = "<group>"; };
		DB4EEEAD255D9FBA00F02145 /* PlaceholderTextFormatter.swift */ = {isa = PBXFileReference; lastKnownFileType = sourcecode.swift; path = PlaceholderTextFormatter.swift; sourceTree = "<group>"; };
		DB4EEEB7255DA18500F02145 /* PlaceholderFormatterUnformattingTests.swift */ = {isa = PBXFileReference; lastKnownFileType = sourcecode.swift; path = PlaceholderFormatterUnformattingTests.swift; sourceTree = "<group>"; };
		DB4EEEC0255DAEBE00F02145 /* PlaceholderFormatterFormattingTests.swift */ = {isa = PBXFileReference; lastKnownFileType = sourcecode.swift; path = PlaceholderFormatterFormattingTests.swift; sourceTree = "<group>"; };
		DB4EEEC9255DB1C700F02145 /* PlaceholderTextInputFormatterInputTests.swift */ = {isa = PBXFileReference; lastKnownFileType = sourcecode.swift; path = PlaceholderTextInputFormatterInputTests.swift; sourceTree = "<group>"; };
		DB4EEED5255DB80700F02145 /* FormattedTextValue.swift */ = {isa = PBXFileReference; lastKnownFileType = sourcecode.swift; path = FormattedTextValue.swift; sourceTree = "<group>"; };
		DB4EEEDE255E974700F02145 /* PlaceholderTextInputFormatterInsert3SymbolsTests.swift */ = {isa = PBXFileReference; lastKnownFileType = sourcecode.swift; path = PlaceholderTextInputFormatterInsert3SymbolsTests.swift; sourceTree = "<group>"; };
		DB4EEEE4255E9C8E00F02145 /* PlaceholderTextInputFormatterErasingBy1SymbolTests.swift */ = {isa = PBXFileReference; lastKnownFileType = sourcecode.swift; path = PlaceholderTextInputFormatterErasingBy1SymbolTests.swift; sourceTree = "<group>"; };
		DB4EEEEA255EA08E00F02145 /* PlaceholderTextInputFormatterDelete3SymbolsTests.swift */ = {isa = PBXFileReference; lastKnownFileType = sourcecode.swift; path = PlaceholderTextInputFormatterDelete3SymbolsTests.swift; sourceTree = "<group>"; };
		DB4EEEEF255EA32D00F02145 /* PlaceholderTextInputFormatterReplace3SymbolsTests.swift */ = {isa = PBXFileReference; lastKnownFileType = sourcecode.swift; path = PlaceholderTextInputFormatterReplace3SymbolsTests.swift; sourceTree = "<group>"; };
		DB9D077A255D98BA00D9FD64 /* TextFieldInputController.swift */ = {isa = PBXFileReference; lastKnownFileType = sourcecode.swift; path = TextFieldInputController.swift; sourceTree = "<group>"; };
		DBD9F4CD23C7967000829051 /* SumTextInputFormatterWithSimilarCharactersInSuffixAndGroupSeparatorDelete1SymbolTests.swift */ = {isa = PBXFileReference; lastKnownFileType = sourcecode.swift; path = SumTextInputFormatterWithSimilarCharactersInSuffixAndGroupSeparatorDelete1SymbolTests.swift; sourceTree = "<group>"; };
/* End PBXFileReference section */

/* Begin PBXFrameworksBuildPhase section */
		30FE6FD41FAA13D30024D1B1 /* Frameworks */ = {
			isa = PBXFrameworksBuildPhase;
			buildActionMask = 2147483647;
			files = (
			);
			runOnlyForDeploymentPostprocessing = 0;
		};
		30FE6FDE1FAA13D30024D1B1 /* Frameworks */ = {
			isa = PBXFrameworksBuildPhase;
			buildActionMask = 2147483647;
			files = (
				30FE6FE21FAA13D30024D1B1 /* AnyFormatKit.framework in Frameworks */,
			);
			runOnlyForDeploymentPostprocessing = 0;
		};
/* End PBXFrameworksBuildPhase section */

/* Begin PBXGroup section */
		0210845C25B57E9B00DE16E4 /* Unformat */ = {
			isa = PBXGroup;
			children = (
				0210845D25B57EBF00DE16E4 /* PlaceholderTextInputUnformattingTests.swift */,
			);
			path = Unformat;
			sourceTree = "<group>";
		};
		0210846325B57F4800DE16E4 /* Delete */ = {
			isa = PBXGroup;
			children = (
				30FF731022AD9BAB005FBC38 /* DefaultTextInputFormatterDeleteTests.swift */,
			);
			path = Delete;
			sourceTree = "<group>";
		};
		0210846425B57F5500DE16E4 /* Replace */ = {
			isa = PBXGroup;
			children = (
				30FF731222ADA53D005FBC38 /* DefaultTextInputFormatter1SymbolReplaceTests.swift */,
				30FF731422ADA7A4005FBC38 /* DefaultTextInputFormatter2SymbolsReplaceTests.swift */,
				30FF731622ADB380005FBC38 /* DefaultTextInputFormatter3SymbolsReplace.swift */,
			);
			path = Replace;
			sourceTree = "<group>";
		};
		0210846525B57F6B00DE16E4 /* Unformat */ = {
			isa = PBXGroup;
			children = (
				0210846625B57F8200DE16E4 /* DefaultTextInputUnformattingTests.swift */,
			);
			path = Unformat;
			sourceTree = "<group>";
		};
		0210846C25B5810300DE16E4 /* DefaultTextFormatterTests */ = {
			isa = PBXGroup;
			children = (
				0210846D25B5811F00DE16E4 /* DefaultTextFormatterTests.swift */,
				0210847325B5835300DE16E4 /* DefaultTextFormatterUnformatTests.swift */,
			);
			path = DefaultTextFormatterTests;
			sourceTree = "<group>";
		};
		0210847725B5852600DE16E4 /* Unformat */ = {
			isa = PBXGroup;
			children = (
				0210847825B5854900DE16E4 /* SumTextInputFormatterUnformatTests.swift */,
				02902B8425B5E90D00E3BF25 /* SumTextInputFormatterNumberUnformatTests.swift */,
			);
			path = Unformat;
			sourceTree = "<group>";
		};
		022766D725BF4DA400740DFE /* Formatters */ = {
			isa = PBXGroup;
			children = (
				DB4EEEAD255D9FBA00F02145 /* PlaceholderTextFormatter.swift */,
				DB4EEEA9255D9F2A00F02145 /* PlaceholderTextInputFormatter.swift */,
			);
			path = Formatters;
			sourceTree = "<group>";
		};
		022766DA25BF4DAC00740DFE /* Helpers */ = {
			isa = PBXGroup;
			children = (
				022766DB25BF4DD500740DFE /* PlaceholderCaretPositionCalculator.swift */,
			);
			path = Helpers;
			sourceTree = "<group>";
		};
		026A488925C1E600000A38C7 /* TextFieldControllers */ = {
			isa = PBXGroup;
			children = (
				DB9D077A255D98BA00D9FD64 /* TextFieldInputController.swift */,
				026A487A25C1E11F000A38C7 /* TextFieldStartInputController.swift */,
			);
			path = TextFieldControllers;
			sourceTree = "<group>";
		};
		026A488A25C1E608000A38C7 /* TextViewControllers */ = {
			isa = PBXGroup;
			children = (
				DB4EEE9D255D9B9400F02145 /* TextViewInputController.swift */,
				026A488B25C1E626000A38C7 /* TextViewStartInputController.swift */,
			);
			path = TextViewControllers;
			sourceTree = "<group>";
		};
		02902B8825B5EF4600E3BF25 /* SumTextFormatterTests */ = {
			isa = PBXGroup;
			children = (
				02902BA325B5F39E00E3BF25 /* SumTextFormatterFormatTests.swift */,
			);
			path = SumTextFormatterTests;
			sourceTree = "<group>";
		};
		02902B8B25B5F23700E3BF25 /* Format */ = {
			isa = PBXGroup;
			children = (
				02902B8D25B5F27100E3BF25 /* DefaultTextInputFormatterFormatTests.swift */,
			);
			path = Format;
			sourceTree = "<group>";
		};
		02902B8C25B5F24900E3BF25 /* FormatInput */ = {
			isa = PBXGroup;
			children = (
				0210846425B57F5500DE16E4 /* Replace */,
				0210846325B57F4800DE16E4 /* Delete */,
				02D78BAE25B321F5008837B7 /* Insert */,
			);
			path = FormatInput;
			sourceTree = "<group>";
		};
		02902B9325B5F2C500E3BF25 /* FormatInput */ = {
			isa = PBXGroup;
			children = (
				DB4EEEE2255E9C6200F02145 /* Insert */,
				DB4EEEE3255E9C6F00F02145 /* Delete */,
				DB4EEEEE255EA2EB00F02145 /* Replace */,
			);
			path = FormatInput;
			sourceTree = "<group>";
		};
		02902B9425B5F2CD00E3BF25 /* Format */ = {
			isa = PBXGroup;
			children = (
				02902B9525B5F2E500E3BF25 /* PlaceholderTextInputFormatterFormatTests.swift */,
			);
			path = Format;
			sourceTree = "<group>";
		};
		02902B9B25B5F33000E3BF25 /* Format */ = {
			isa = PBXGroup;
			children = (
				02902B9D25B5F36C00E3BF25 /* SumTextInputFormatterFormatTests.swift */,
			);
			path = Format;
			sourceTree = "<group>";
		};
		02902B9C25B5F33D00E3BF25 /* FormatInput */ = {
			isa = PBXGroup;
			children = (
				30A0496922B52AE6001F6282 /* Insert */,
				30A0496822B52AE0001F6282 /* Delete */,
				30A0496722B52AD7001F6282 /* Replace */,
			);
			path = FormatInput;
			sourceTree = "<group>";
		};
		02D78BAE25B321F5008837B7 /* Insert */ = {
			isa = PBXGroup;
			children = (
				30FE6FE61FAA13D30024D1B1 /* AnyFormatKitTests.swift */,
				30FF730E22AD939D005FBC38 /* DefaultTextInputFormatterInputTests.swift */,
				02D78BB125B3251A008837B7 /* DefaultTextInputFormatterEmojisInputTests.swift */,
				02330C7025B2493500DE9EB8 /* DefaultTextInputFormatterPhoneEmojisInputTests.swift */,
			);
			path = Insert;
			sourceTree = "<group>";
		};
		30212EFE2154BD3200F5785A /* BundleFiles */ = {
			isa = PBXGroup;
			children = (
				307EA2301FAA1B5B00DE439D /* Info.plist */,
			);
			path = BundleFiles;
			sourceTree = "<group>";
		};
		307EA2131FAA1B5B00DE439D /* Source */ = {
			isa = PBXGroup;
			children = (
				307EA22C1FAA1B5B00DE439D /* Extensions */,
				307EA2141FAA1B5B00DE439D /* TextFormatter */,
				DB9D0779255D98A100D9FD64 /* Controllers */,
			);
			path = Source;
			sourceTree = "<group>";
		};
		307EA2141FAA1B5B00DE439D /* TextFormatter */ = {
			isa = PBXGroup;
			children = (
				307EA2181FAA1B5B00DE439D /* TextFormatter */,
				307EA2151FAA1B5B00DE439D /* DefaultFormatters */,
				DB4EEEB1255DA08E00F02145 /* PlaceholderFormatters */,
				30EB6CB422BB86D300447D5A /* SumFormatters */,
			);
			path = TextFormatter;
			sourceTree = "<group>";
		};
		307EA2151FAA1B5B00DE439D /* DefaultFormatters */ = {
			isa = PBXGroup;
			children = (
				DB4EEEA5255D9EDC00F02145 /* Formatters */,
				DB4EEEA6255D9EEB00F02145 /* Helpers */,
			);
			path = DefaultFormatters;
			sourceTree = "<group>";
		};
		307EA2181FAA1B5B00DE439D /* TextFormatter */ = {
			isa = PBXGroup;
			children = (
				307EA21A1FAA1B5B00DE439D /* TextFormatter.swift */,
				0210845625B57BD300DE16E4 /* TextUnformatter.swift */,
				307EA2191FAA1B5B00DE439D /* TextInputFormatter.swift */,
				DB4EEED5255DB80700F02145 /* FormattedTextValue.swift */,
				026A487425C1E0CB000A38C7 /* CaretPositioner.swift */,
				02902B7E25B5E87F00E3BF25 /* TextNumberUnformatter.swift */,
				025AAB0E25C873B100CDA81D /* TextNumberFormatter.swift */,
			);
			path = TextFormatter;
			sourceTree = "<group>";
		};
		307EA22C1FAA1B5B00DE439D /* Extensions */ = {
			isa = PBXGroup;
			children = (
				307EA22D1FAA1B5B00DE439D /* String+Extension.swift */,
				DB4EEE93255D9A6700F02145 /* UITextField+Extension.swift */,
				DB4EEE97255D9A8B00F02145 /* UITextView+Extension.swift */,
			);
			path = Extensions;
			sourceTree = "<group>";
		};
		307F0F3F22B0355E00C52AD2 /* WithSuffix */ = {
			isa = PBXGroup;
			children = (
				30EB6CA522BB602A00447D5A /* 1SymbolSuffix */,
				30EB6CA622BB603A00447D5A /* 2SymbolSuffix */,
			);
			path = WithSuffix;
			sourceTree = "<group>";
		};
		309BD5B422B2C1F400BA69EF /* WithPrefix */ = {
			isa = PBXGroup;
			children = (
				30EB6CA022BB481B00447D5A /* 1SymbolPrefix */,
				30EB6C9822BB396900447D5A /* 2SymbolsPrefix */,
			);
			path = WithPrefix;
			sourceTree = "<group>";
		};
		30A0496022B5297A001F6282 /* Simple */ = {
			isa = PBXGroup;
			children = (
				02902B9C25B5F33D00E3BF25 /* FormatInput */,
				02902B9B25B5F33000E3BF25 /* Format */,
				0210847725B5852600DE16E4 /* Unformat */,
			);
			path = Simple;
			sourceTree = "<group>";
		};
		30A0496122B52A5B001F6282 /* Insert */ = {
			isa = PBXGroup;
			children = (
				30A0495822B51962001F6282 /* SumTextInputFormatterWithPrefixInputTests.swift */,
				309BD5B522B2C2FD00BA69EF /* SumTextInputtFormaterWithPrefix3SymbolnsertTests.swift */,
			);
			path = Insert;
			sourceTree = "<group>";
		};
		30A0496222B52A66001F6282 /* Delete */ = {
			isa = PBXGroup;
			children = (
				30A0495C22B5240E001F6282 /* SumTextInputFormatterWithPrefixBy1SymbolErasingTests.swift */,
				30A0495E22B52752001F6282 /* SumTextInputFormatterWithPrefixDelete3SymbolsTests.swift */,
			);
			path = Delete;
			sourceTree = "<group>";
		};
		30A0496322B52A70001F6282 /* Replace */ = {
			isa = PBXGroup;
			children = (
				30A0495A22B520BF001F6282 /* SumTextInputFormatterWithPrefix3SymbolsReplaceTests.swift */,
			);
			path = Replace;
			sourceTree = "<group>";
		};
		30A0496422B52AAD001F6282 /* Replace */ = {
			isa = PBXGroup;
			children = (
				307F0F4522B03CBC00C52AD2 /* SumTextInputFormatterWithSuffixReplace1SymbolTests.swift */,
				307F0F4722B0405A00C52AD2 /* SumTextInputFormatterWithSuffixReplace2SymbolsTests.swift */,
				30824C0E22B17329008E1E4E /* SumTextInputFormatterWithSuffixReplace3SymbolsTests.swift */,
				30824C1022B176F2008E1E4E /* SumTextInputFormatterWithSuffixReplaceWith0Tests.swift */,
			);
			path = Replace;
			sourceTree = "<group>";
		};
		30A0496522B52ABA001F6282 /* Delete */ = {
			isa = PBXGroup;
			children = (
				30D1A4C722AEF9280075764E /* SumTextInputFormatterWithSuffixDelete1SymbolTests.swift */,
				307F0F4122B0373E00C52AD2 /* SumTextInputFormatterWithSuffixDelete2SymbolsTests.swift */,
				307F0F4322B03A5B00C52AD2 /* SumTextInputFormatterWithSuffixDelete3SymbolsTests.swift */,
				DBD9F4CD23C7967000829051 /* SumTextInputFormatterWithSimilarCharactersInSuffixAndGroupSeparatorDelete1SymbolTests.swift */,
			);
			path = Delete;
			sourceTree = "<group>";
		};
		30A0496622B52AC0001F6282 /* Insert */ = {
			isa = PBXGroup;
			children = (
				30D1A4C922AEF9770075764E /* SumTextInputFormatterWithSuffixInputTests.swift */,
				309BD5B222B2BBF400BA69EF /* SumTextInputFormatterWithSuffixInsert2SymbolsTests.swift */,
				30EB6C9622BAB72500447D5A /* SumTextInputFormatterWithSuffixInput0Tests.swift */,
			);
			path = Insert;
			sourceTree = "<group>";
		};
		30A0496722B52AD7001F6282 /* Replace */ = {
			isa = PBXGroup;
			children = (
				30A0497422B535CF001F6282 /* SumTextInputFormatterReplace3SymbolsTests.swift */,
			);
			path = Replace;
			sourceTree = "<group>";
		};
		30A0496822B52AE0001F6282 /* Delete */ = {
			isa = PBXGroup;
			children = (
				30A0497622B537F4001F6282 /* SumTextInputFormatterErasingBy1SymbolTests.swift */,
				30A0497822B53B03001F6282 /* SumTextInputFormatterDelete3SymbolsTests.swift */,
				30ADF14823AA688600C67530 /* SumTextInputFormatterSpaceGroupSeparatorDelete1SymbolsTests.swift */,
			);
			path = Delete;
			sourceTree = "<group>";
		};
		30A0496922B52AE6001F6282 /* Insert */ = {
			isa = PBXGroup;
			children = (
				30A0496E22B52F86001F6282 /* SumTextInputFormatterInputTests.swift */,
				30A0497222B532FC001F6282 /* SumTextInputFormatterInsert3Symbols.swift */,
				30EB6C9422BAB63D00447D5A /* SumTextInputFormatterInput0Tests.swift */,
			);
			path = Insert;
			sourceTree = "<group>";
		};
		30C155FE1FBC4DA800C7229D /* SumFormatTests */ = {
			isa = PBXGroup;
			children = (
				306EBE9E1FC4669100E49BB8 /* FormatParsingTests.swift */,
				30D7EAA5229C659B0014E31B /* SumFormatParserTests.swift */,
			);
			path = SumFormatTests;
			sourceTree = "<group>";
		};
		30C5F5381FAB6561003711D1 /* Assets */ = {
			isa = PBXGroup;
			children = (
				02D78BCD25B356B5008837B7 /* example_card_number.gif */,
				02D78BCF25B356B5008837B7 /* example_phone_number.gif */,
				02D78BCE25B356B5008837B7 /* example_placeholder_phone_number.gif */,
				02D78BD025B356B5008837B7 /* example_sum.gif */,
				30C5F53B1FAB6593003711D1 /* anyformatkit.png */,
			);
			path = Assets;
			sourceTree = "<group>";
		};
		30EB6C9822BB396900447D5A /* 2SymbolsPrefix */ = {
			isa = PBXGroup;
			children = (
				30EB6C9922BB398A00447D5A /* Insert */,
				30EB6C9E22BB480300447D5A /* Delete */,
			);
			path = 2SymbolsPrefix;
			sourceTree = "<group>";
		};
		30EB6C9922BB398A00447D5A /* Insert */ = {
			isa = PBXGroup;
			children = (
				30EB6C9A22BB39BA00447D5A /* SumTextInputFormatterWith2SymbolsPrefixInputTests.swift */,
			);
			path = Insert;
			sourceTree = "<group>";
		};
		30EB6C9E22BB480300447D5A /* Delete */ = {
			isa = PBXGroup;
			children = (
				30EB6CA122BB484D00447D5A /* SumTextInputFormatterWith2SymbolsPrefixBy1SymbolErasingTests.swift */,
				30EB6CA322BB49D400447D5A /* SumTextInputFormatterWith2SymbolsPrefixDelete3SymbolsTests.swift */,
			);
			path = Delete;
			sourceTree = "<group>";
		};
		30EB6CA022BB481B00447D5A /* 1SymbolPrefix */ = {
			isa = PBXGroup;
			children = (
				30A0496122B52A5B001F6282 /* Insert */,
				30A0496222B52A66001F6282 /* Delete */,
				30A0496322B52A70001F6282 /* Replace */,
			);
			path = 1SymbolPrefix;
			sourceTree = "<group>";
		};
		30EB6CA522BB602A00447D5A /* 1SymbolSuffix */ = {
			isa = PBXGroup;
			children = (
				30A0496622B52AC0001F6282 /* Insert */,
				30A0496522B52ABA001F6282 /* Delete */,
				30A0496422B52AAD001F6282 /* Replace */,
			);
			path = 1SymbolSuffix;
			sourceTree = "<group>";
		};
		30EB6CA622BB603A00447D5A /* 2SymbolSuffix */ = {
			isa = PBXGroup;
			children = (
				30EB6CA722BB605500447D5A /* Insert */,
				30EB6CAB22BB613C00447D5A /* Delete */,
			);
			path = 2SymbolSuffix;
			sourceTree = "<group>";
		};
		30EB6CA722BB605500447D5A /* Insert */ = {
			isa = PBXGroup;
			children = (
				30EB6CA822BB608F00447D5A /* SumTextInputFormatterWith2SymbolsSuffixBy1SymbolInputTests.swift */,
				30EB6CAC22BB61F600447D5A /* SumTextInputFormatterWith2SymbolsSuffixInsert2SymbolsTests.swift */,
			);
			path = Insert;
			sourceTree = "<group>";
		};
		30EB6CAB22BB613C00447D5A /* Delete */ = {
			isa = PBXGroup;
			children = (
				30EB6CAE22BB651E00447D5A /* SumTextInputFormatterWith2SymbolsSuffixBy1SymbolErasingTests.swift */,
				30EB6CB022BB69A000447D5A /* SumTextInputFormatterWith2SymbolsSuffixDelete3SymbolsTests.swift */,
			);
			path = Delete;
			sourceTree = "<group>";
		};
		30EB6CB422BB86D300447D5A /* SumFormatters */ = {
			isa = PBXGroup;
			children = (
				DB4EEEA7255D9EFC00F02145 /* Formatters */,
				DB4EEEA8255D9F0200F02145 /* Helpers */,
			);
			path = SumFormatters;
			sourceTree = "<group>";
		};
		30FE6FCE1FAA13D30024D1B1 = {
			isa = PBXGroup;
			children = (
				30212EFE2154BD3200F5785A /* BundleFiles */,
				30C5F5381FAB6561003711D1 /* Assets */,
				30FE6FF31FAA13F10024D1B1 /* Deployment */,
				30FE6FF41FAA13FB0024D1B1 /* Documentation */,
				307EA2131FAA1B5B00DE439D /* Source */,
				30FE6FE51FAA13D30024D1B1 /* Tests */,
				30FE6FD91FAA13D30024D1B1 /* Products */,
				C85A0D46048A0BC2515944FE /* Frameworks */,
			);
			sourceTree = "<group>";
		};
		30FE6FD91FAA13D30024D1B1 /* Products */ = {
			isa = PBXGroup;
			children = (
				30FE6FD81FAA13D30024D1B1 /* AnyFormatKit.framework */,
				30FE6FE11FAA13D30024D1B1 /* AnyFormatKitTests.xctest */,
			);
			name = Products;
			sourceTree = "<group>";
		};
		30FE6FE51FAA13D30024D1B1 /* Tests */ = {
			isa = PBXGroup;
			children = (
				0210846C25B5810300DE16E4 /* DefaultTextFormatterTests */,
				30FF730D22AD935C005FBC38 /* DefaultTextInputFormatterTests */,
				DB4EEEB6255DA16A00F02145 /* PlaceholderFormatterTests */,
				DB4EEEC8255DB1A900F02145 /* PlaceholderTextInputFormatterTests */,
				30FF730C22AD1E54005FBC38 /* SumTextInputFormatterTests */,
				02902B8825B5EF4600E3BF25 /* SumTextFormatterTests */,
				30C155FE1FBC4DA800C7229D /* SumFormatTests */,
				30FE6FE81FAA13D30024D1B1 /* Info.plist */,
			);
			path = Tests;
			sourceTree = "<group>";
		};
		30FE6FF31FAA13F10024D1B1 /* Deployment */ = {
			isa = PBXGroup;
			children = (
				30FE70531FAA16890024D1B1 /* AnyFormatKit.podspec */,
				30FE70551FAA16910024D1B1 /* LICENSE */,
			);
			name = Deployment;
			sourceTree = "<group>";
		};
		30FE6FF41FAA13FB0024D1B1 /* Documentation */ = {
			isa = PBXGroup;
			children = (
				30D7EAAC229D56D20014E31B /* README.md */,
				30D7EAAA229D55A20014E31B /* AnyFormatKit 0.2.0 MigrationGuide.md */,
				30EB6CBB22BBA0A000447D5A /* AnyFormatKit 1.0.0 MigrationGuide.md */,
				024A797625C73D3400478A15 /* AnyFormatKit 2.4.0 MigrationGuide.md */,
			);
			path = Documentation;
			sourceTree = "<group>";
		};
		30FF730C22AD1E54005FBC38 /* SumTextInputFormatterTests */ = {
			isa = PBXGroup;
			children = (
				30A0496022B5297A001F6282 /* Simple */,
				307F0F3F22B0355E00C52AD2 /* WithSuffix */,
				309BD5B422B2C1F400BA69EF /* WithPrefix */,
			);
			path = SumTextInputFormatterTests;
			sourceTree = "<group>";
		};
		30FF730D22AD935C005FBC38 /* DefaultTextInputFormatterTests */ = {
			isa = PBXGroup;
			children = (
				02902B8C25B5F24900E3BF25 /* FormatInput */,
				02902B8B25B5F23700E3BF25 /* Format */,
				0210846525B57F6B00DE16E4 /* Unformat */,
			);
			path = DefaultTextInputFormatterTests;
			sourceTree = "<group>";
		};
		C85A0D46048A0BC2515944FE /* Frameworks */ = {
			isa = PBXGroup;
			children = (
				65A83891A67E941A00B08DC1 /* Pods_AnyFormatKit.framework */,
				D5C45219E0989FD4AAF70ECE /* Pods_AnyFormatKit_AnyFormatKitTests.framework */,
			);
			name = Frameworks;
			sourceTree = "<group>";
		};
		DB4EEEA5255D9EDC00F02145 /* Formatters */ = {
			isa = PBXGroup;
			children = (
				3032CFBE21D412E1008137EE /* DefaultTextFormatter.swift */,
				3032CFBD21D412E1008137EE /* DefaultTextInputFormatter.swift */,
			);
			path = Formatters;
			sourceTree = "<group>";
		};
		DB4EEEA6255D9EEB00F02145 /* Helpers */ = {
			isa = PBXGroup;
			children = (
				30A308952072BA7300CFC062 /* CaretPositionCorrector.swift */,
				02D78BC325B333A8008837B7 /* StringCalculator.swift */,
			);
			path = Helpers;
			sourceTree = "<group>";
		};
		DB4EEEA7255D9EFC00F02145 /* Formatters */ = {
			isa = PBXGroup;
			children = (
				30C6787C2286B45000F43F9E /* SumTextFormatter.swift */,
				30EB6CB722BB870E00447D5A /* SumTextInputFormatter.swift */,
			);
			path = Formatters;
			sourceTree = "<group>";
		};
		DB4EEEA8255D9F0200F02145 /* Helpers */ = {
			isa = PBXGroup;
			children = (
				30EB6CB522BB870E00447D5A /* SumFormatParser.swift */,
				30EB6CB622BB870E00447D5A /* SumTextInputFormatterCaretPositionCalculator.swift */,
			);
			path = Helpers;
			sourceTree = "<group>";
		};
		DB4EEEB1255DA08E00F02145 /* PlaceholderFormatters */ = {
			isa = PBXGroup;
			children = (
				022766D725BF4DA400740DFE /* Formatters */,
				022766DA25BF4DAC00740DFE /* Helpers */,
			);
			path = PlaceholderFormatters;
			sourceTree = "<group>";
		};
		DB4EEEB6255DA16A00F02145 /* PlaceholderFormatterTests */ = {
			isa = PBXGroup;
			children = (
				DB4EEEC0255DAEBE00F02145 /* PlaceholderFormatterFormattingTests.swift */,
				DB4EEEB7255DA18500F02145 /* PlaceholderFormatterUnformattingTests.swift */,
			);
			path = PlaceholderFormatterTests;
			sourceTree = "<group>";
		};
		DB4EEEC8255DB1A900F02145 /* PlaceholderTextInputFormatterTests */ = {
			isa = PBXGroup;
			children = (
				02902B9325B5F2C500E3BF25 /* FormatInput */,
				02902B9425B5F2CD00E3BF25 /* Format */,
				0210845C25B57E9B00DE16E4 /* Unformat */,
			);
			path = PlaceholderTextInputFormatterTests;
			sourceTree = "<group>";
		};
		DB4EEEE2255E9C6200F02145 /* Insert */ = {
			isa = PBXGroup;
			children = (
				DB4EEEC9255DB1C700F02145 /* PlaceholderTextInputFormatterInputTests.swift */,
				DB4EEEDE255E974700F02145 /* PlaceholderTextInputFormatterInsert3SymbolsTests.swift */,
				02D78BBF25B32BE7008837B7 /* PlaceholderTextInputFormatterEmojisInputTests.swift */,
			);
			path = Insert;
			sourceTree = "<group>";
		};
		DB4EEEE3255E9C6F00F02145 /* Delete */ = {
			isa = PBXGroup;
			children = (
				DB4EEEE4255E9C8E00F02145 /* PlaceholderTextInputFormatterErasingBy1SymbolTests.swift */,
				DB4EEEEA255EA08E00F02145 /* PlaceholderTextInputFormatterDelete3SymbolsTests.swift */,
			);
			path = Delete;
			sourceTree = "<group>";
		};
		DB4EEEEE255EA2EB00F02145 /* Replace */ = {
			isa = PBXGroup;
			children = (
				DB4EEEEF255EA32D00F02145 /* PlaceholderTextInputFormatterReplace3SymbolsTests.swift */,
			);
			path = Replace;
			sourceTree = "<group>";
		};
		DB9D0779255D98A100D9FD64 /* Controllers */ = {
			isa = PBXGroup;
			children = (
				026A488925C1E600000A38C7 /* TextFieldControllers */,
				026A488A25C1E608000A38C7 /* TextViewControllers */,
			);
			path = Controllers;
			sourceTree = "<group>";
		};
/* End PBXGroup section */

/* Begin PBXHeadersBuildPhase section */
		30FE6FD51FAA13D30024D1B1 /* Headers */ = {
			isa = PBXHeadersBuildPhase;
			buildActionMask = 2147483647;
			files = (
			);
			runOnlyForDeploymentPostprocessing = 0;
		};
/* End PBXHeadersBuildPhase section */

/* Begin PBXNativeTarget section */
		30FE6FD71FAA13D30024D1B1 /* AnyFormatKit */ = {
			isa = PBXNativeTarget;
			buildConfigurationList = 30FE6FEC1FAA13D30024D1B1 /* Build configuration list for PBXNativeTarget "AnyFormatKit" */;
			buildPhases = (
				30FE6FD31FAA13D30024D1B1 /* Sources */,
				30FE6FD41FAA13D30024D1B1 /* Frameworks */,
				30FE6FD51FAA13D30024D1B1 /* Headers */,
				30FE6FD61FAA13D30024D1B1 /* Resources */,
				300227371FBB296200A470CD /* ShellScript */,
			);
			buildRules = (
			);
			dependencies = (
			);
			name = AnyFormatKit;
			productName = AnyFormatKit;
			productReference = 30FE6FD81FAA13D30024D1B1 /* AnyFormatKit.framework */;
			productType = "com.apple.product-type.framework";
		};
		30FE6FE01FAA13D30024D1B1 /* AnyFormatKitTests */ = {
			isa = PBXNativeTarget;
			buildConfigurationList = 30FE6FEF1FAA13D30024D1B1 /* Build configuration list for PBXNativeTarget "AnyFormatKitTests" */;
			buildPhases = (
				30FE6FDD1FAA13D30024D1B1 /* Sources */,
				30FE6FDE1FAA13D30024D1B1 /* Frameworks */,
				30FE6FDF1FAA13D30024D1B1 /* Resources */,
			);
			buildRules = (
			);
			dependencies = (
				30FE6FE41FAA13D30024D1B1 /* PBXTargetDependency */,
			);
			name = AnyFormatKitTests;
			productName = AnyFormatKitTests;
			productReference = 30FE6FE11FAA13D30024D1B1 /* AnyFormatKitTests.xctest */;
			productType = "com.apple.product-type.bundle.unit-test";
		};
/* End PBXNativeTarget section */

/* Begin PBXProject section */
		30FE6FCF1FAA13D30024D1B1 /* Project object */ = {
			isa = PBXProject;
			attributes = {
				LastSwiftUpdateCheck = 0900;
				LastUpgradeCheck = 1020;
				ORGANIZATIONNAME = BRANDERSTUDIO;
				TargetAttributes = {
					30FE6FD71FAA13D30024D1B1 = {
						CreatedOnToolsVersion = 9.0.1;
						LastSwiftMigration = 1020;
						ProvisioningStyle = Automatic;
					};
					30FE6FE01FAA13D30024D1B1 = {
						CreatedOnToolsVersion = 9.0.1;
						LastSwiftMigration = 1020;
						ProvisioningStyle = Automatic;
					};
				};
			};
			buildConfigurationList = 30FE6FD21FAA13D30024D1B1 /* Build configuration list for PBXProject "AnyFormatKit" */;
			compatibilityVersion = "Xcode 8.0";
			developmentRegion = en;
			hasScannedForEncodings = 0;
			knownRegions = (
				en,
				Base,
			);
			mainGroup = 30FE6FCE1FAA13D30024D1B1;
			productRefGroup = 30FE6FD91FAA13D30024D1B1 /* Products */;
			projectDirPath = "";
			projectRoot = "";
			targets = (
				30FE6FD71FAA13D30024D1B1 /* AnyFormatKit */,
				30FE6FE01FAA13D30024D1B1 /* AnyFormatKitTests */,
			);
		};
/* End PBXProject section */

/* Begin PBXResourcesBuildPhase section */
		30FE6FD61FAA13D30024D1B1 /* Resources */ = {
			isa = PBXResourcesBuildPhase;
			buildActionMask = 2147483647;
			files = (
				02D78BD425B356B5008837B7 /* example_sum.gif in Resources */,
				30D7EAAD229D56D20014E31B /* README.md in Resources */,
				02D78BD325B356B5008837B7 /* example_phone_number.gif in Resources */,
				30C5F53C1FAB6593003711D1 /* anyformatkit.png in Resources */,
				30D7EAAB229D55A20014E31B /* AnyFormatKit 0.2.0 MigrationGuide.md in Resources */,
				30FE70561FAA16910024D1B1 /* LICENSE in Resources */,
				02D78BD125B356B5008837B7 /* example_card_number.gif in Resources */,
				30FE70541FAA16890024D1B1 /* AnyFormatKit.podspec in Resources */,
				02D78BD225B356B5008837B7 /* example_placeholder_phone_number.gif in Resources */,
			);
			runOnlyForDeploymentPostprocessing = 0;
		};
		30FE6FDF1FAA13D30024D1B1 /* Resources */ = {
			isa = PBXResourcesBuildPhase;
			buildActionMask = 2147483647;
			files = (
			);
			runOnlyForDeploymentPostprocessing = 0;
		};
/* End PBXResourcesBuildPhase section */

/* Begin PBXShellScriptBuildPhase section */
		300227371FBB296200A470CD /* ShellScript */ = {
			isa = PBXShellScriptBuildPhase;
			buildActionMask = 2147483647;
			files = (
			);
			inputPaths = (
			);
			outputPaths = (
			);
			runOnlyForDeploymentPostprocessing = 0;
			shellPath = /bin/sh;
			shellScript = "";
		};
/* End PBXShellScriptBuildPhase section */

/* Begin PBXSourcesBuildPhase section */
		30FE6FD31FAA13D30024D1B1 /* Sources */ = {
			isa = PBXSourcesBuildPhase;
			buildActionMask = 2147483647;
			files = (
				DB9D077B255D98BA00D9FD64 /* TextFieldInputController.swift in Sources */,
				30C6787D2286B45000F43F9E /* SumTextFormatter.swift in Sources */,
				3032CFBF21D412E1008137EE /* DefaultTextInputFormatter.swift in Sources */,
				D8C1ABCF22E21DAE007ABE08 /* String+Extension.swift in Sources */,
				DB4EEEAA255D9F2A00F02145 /* PlaceholderTextInputFormatter.swift in Sources */,
				025AAB0F25C873B100CDA81D /* TextNumberFormatter.swift in Sources */,
				DB4EEEAE255D9FBA00F02145 /* PlaceholderTextFormatter.swift in Sources */,
				022766DC25BF4DD500740DFE /* PlaceholderCaretPositionCalculator.swift in Sources */,
				30A308962072BA7300CFC062 /* CaretPositionCorrector.swift in Sources */,
				3032CFC021D412E1008137EE /* DefaultTextFormatter.swift in Sources */,
				30EB6CB822BB870E00447D5A /* SumFormatParser.swift in Sources */,
				026A488C25C1E626000A38C7 /* TextViewStartInputController.swift in Sources */,
				307EA2341FAA1B5B00DE439D /* TextFormatter.swift in Sources */,
				0210845725B57BD300DE16E4 /* TextUnformatter.swift in Sources */,
				02902B7F25B5E87F00E3BF25 /* TextNumberUnformatter.swift in Sources */,
				30EB6CB922BB870E00447D5A /* SumTextInputFormatterCaretPositionCalculator.swift in Sources */,
				DB4EEE98255D9A8B00F02145 /* UITextView+Extension.swift in Sources */,
				026A487525C1E0CB000A38C7 /* CaretPositioner.swift in Sources */,
				02D78BC425B333A8008837B7 /* StringCalculator.swift in Sources */,
				DB4EEE9E255D9B9400F02145 /* TextViewInputController.swift in Sources */,
				026A487B25C1E11F000A38C7 /* TextFieldStartInputController.swift in Sources */,
				DB4EEED9255DB82C00F02145 /* FormattedTextValue.swift in Sources */,
				DB4EEE94255D9A6700F02145 /* UITextField+Extension.swift in Sources */,
				30EB6CBA22BB870E00447D5A /* SumTextInputFormatter.swift in Sources */,
				307EA2331FAA1B5B00DE439D /* TextInputFormatter.swift in Sources */,
			);
			runOnlyForDeploymentPostprocessing = 0;
		};
		30FE6FDD1FAA13D30024D1B1 /* Sources */ = {
			isa = PBXSourcesBuildPhase;
			buildActionMask = 2147483647;
			files = (
				0210845E25B57EBF00DE16E4 /* PlaceholderTextInputUnformattingTests.swift in Sources */,
				30EB6CA422BB49D400447D5A /* SumTextInputFormatterWith2SymbolsPrefixDelete3SymbolsTests.swift in Sources */,
				30A0497522B535CF001F6282 /* SumTextInputFormatterReplace3SymbolsTests.swift in Sources */,
				0210846E25B5811F00DE16E4 /* DefaultTextFormatterTests.swift in Sources */,
				30A0497A22B53D7A001F6282 /* SumTextInputFormatterInputTests.swift in Sources */,
				30D1A4C822AEF9280075764E /* SumTextInputFormatterWithSuffixDelete1SymbolTests.swift in Sources */,
				309BD5B622B2C2FD00BA69EF /* SumTextInputtFormaterWithPrefix3SymbolnsertTests.swift in Sources */,
				30A0495B22B520BF001F6282 /* SumTextInputFormatterWithPrefix3SymbolsReplaceTests.swift in Sources */,
				02902BA425B5F39E00E3BF25 /* SumTextFormatterFormatTests.swift in Sources */,
				30FF730F22AD939D005FBC38 /* DefaultTextInputFormatterInputTests.swift in Sources */,
				02902B8E25B5F27100E3BF25 /* DefaultTextInputFormatterFormatTests.swift in Sources */,
				DB4EEEE5255E9C8E00F02145 /* PlaceholderTextInputFormatterErasingBy1SymbolTests.swift in Sources */,
				02D78BB225B3251A008837B7 /* DefaultTextInputFormatterEmojisInputTests.swift in Sources */,
				30EB6C9522BAB63D00447D5A /* SumTextInputFormatterInput0Tests.swift in Sources */,
				DB4EEECA255DB1C700F02145 /* PlaceholderTextInputFormatterInputTests.swift in Sources */,
				307F0F4422B03A5B00C52AD2 /* SumTextInputFormatterWithSuffixDelete3SymbolsTests.swift in Sources */,
				DB4EEEEB255EA08E00F02145 /* PlaceholderTextInputFormatterDelete3SymbolsTests.swift in Sources */,
				30A0495F22B52752001F6282 /* SumTextInputFormatterWithPrefixDelete3SymbolsTests.swift in Sources */,
				30D1A4CA22AEF9770075764E /* SumTextInputFormatterWithSuffixInputTests.swift in Sources */,
				309BD5B322B2BBF400BA69EF /* SumTextInputFormatterWithSuffixInsert2SymbolsTests.swift in Sources */,
				30A0495922B51963001F6282 /* SumTextInputFormatterWithPrefixInputTests.swift in Sources */,
				DBD9F4CE23C7967000829051 /* SumTextInputFormatterWithSimilarCharactersInSuffixAndGroupSeparatorDelete1SymbolTests.swift in Sources */,
				30EB6CAF22BB651E00447D5A /* SumTextInputFormatterWith2SymbolsSuffixBy1SymbolErasingTests.swift in Sources */,
				307F0F4222B0373E00C52AD2 /* SumTextInputFormatterWithSuffixDelete2SymbolsTests.swift in Sources */,
				02D78BC025B32BE7008837B7 /* PlaceholderTextInputFormatterEmojisInputTests.swift in Sources */,
				0210847425B5835300DE16E4 /* DefaultTextFormatterUnformatTests.swift in Sources */,
				30FF731522ADA7A4005FBC38 /* DefaultTextInputFormatter2SymbolsReplaceTests.swift in Sources */,
				DB4EEEC1255DAEBE00F02145 /* PlaceholderFormatterFormattingTests.swift in Sources */,
				307F0F4622B03CBC00C52AD2 /* SumTextInputFormatterWithSuffixReplace1SymbolTests.swift in Sources */,
				307F0F4822B0405A00C52AD2 /* SumTextInputFormatterWithSuffixReplace2SymbolsTests.swift in Sources */,
				30EB6CB122BB69A000447D5A /* SumTextInputFormatterWith2SymbolsSuffixDelete3SymbolsTests.swift in Sources */,
				DB4EEEF0255EA32D00F02145 /* PlaceholderTextInputFormatterReplace3SymbolsTests.swift in Sources */,
				30FF731322ADA53D005FBC38 /* DefaultTextInputFormatter1SymbolReplaceTests.swift in Sources */,
				30A0495D22B5240E001F6282 /* SumTextInputFormatterWithPrefixBy1SymbolErasingTests.swift in Sources */,
				306EBE9F1FC4669100E49BB8 /* FormatParsingTests.swift in Sources */,
				0210846725B57F8200DE16E4 /* DefaultTextInputUnformattingTests.swift in Sources */,
				DB4EEEDF255E974700F02145 /* PlaceholderTextInputFormatterInsert3SymbolsTests.swift in Sources */,
				30D7EAA6229C659B0014E31B /* SumFormatParserTests.swift in Sources */,
				30EB6C9722BAB72500447D5A /* SumTextInputFormatterWithSuffixInput0Tests.swift in Sources */,
				02902B8525B5E90D00E3BF25 /* SumTextInputFormatterNumberUnformatTests.swift in Sources */,
				30FF731122AD9BAB005FBC38 /* DefaultTextInputFormatterDeleteTests.swift in Sources */,
				30FE6FE71FAA13D30024D1B1 /* AnyFormatKitTests.swift in Sources */,
				02902B9625B5F2E500E3BF25 /* PlaceholderTextInputFormatterFormatTests.swift in Sources */,
				30824C0F22B17329008E1E4E /* SumTextInputFormatterWithSuffixReplace3SymbolsTests.swift in Sources */,
				30ADF14923AA688600C67530 /* SumTextInputFormatterSpaceGroupSeparatorDelete1SymbolsTests.swift in Sources */,
				30A0497922B53B03001F6282 /* SumTextInputFormatterDelete3SymbolsTests.swift in Sources */,
				0210847925B5854900DE16E4 /* SumTextInputFormatterUnformatTests.swift in Sources */,
				02330C7125B2493500DE9EB8 /* DefaultTextInputFormatterPhoneEmojisInputTests.swift in Sources */,
				30A0497722B537F4001F6282 /* SumTextInputFormatterErasingBy1SymbolTests.swift in Sources */,
				30FF731722ADB380005FBC38 /* DefaultTextInputFormatter3SymbolsReplace.swift in Sources */,
				30EB6C9B22BB39BA00447D5A /* SumTextInputFormatterWith2SymbolsPrefixInputTests.swift in Sources */,
				02902B9E25B5F36C00E3BF25 /* SumTextInputFormatterFormatTests.swift in Sources */,
				30824C1122B176F2008E1E4E /* SumTextInputFormatterWithSuffixReplaceWith0Tests.swift in Sources */,
				30A0497322B532FC001F6282 /* SumTextInputFormatterInsert3Symbols.swift in Sources */,
				30EB6CA922BB608F00447D5A /* SumTextInputFormatterWith2SymbolsSuffixBy1SymbolInputTests.swift in Sources */,
				DB4EEEBB255DA1C200F02145 /* PlaceholderFormatterUnformattingTests.swift in Sources */,
				30EB6CAD22BB61F600447D5A /* SumTextInputFormatterWith2SymbolsSuffixInsert2SymbolsTests.swift in Sources */,
				30EB6CA222BB484D00447D5A /* SumTextInputFormatterWith2SymbolsPrefixBy1SymbolErasingTests.swift in Sources */,
			);
			runOnlyForDeploymentPostprocessing = 0;
		};
/* End PBXSourcesBuildPhase section */

/* Begin PBXTargetDependency section */
		30FE6FE41FAA13D30024D1B1 /* PBXTargetDependency */ = {
			isa = PBXTargetDependency;
			target = 30FE6FD71FAA13D30024D1B1 /* AnyFormatKit */;
			targetProxy = 30FE6FE31FAA13D30024D1B1 /* PBXContainerItemProxy */;
		};
/* End PBXTargetDependency section */

/* Begin XCBuildConfiguration section */
		30FE6FEA1FAA13D30024D1B1 /* Debug */ = {
			isa = XCBuildConfiguration;
			buildSettings = {
				ALWAYS_SEARCH_USER_PATHS = NO;
				CLANG_ANALYZER_NONNULL = YES;
				CLANG_ANALYZER_NUMBER_OBJECT_CONVERSION = YES_AGGRESSIVE;
				CLANG_CXX_LANGUAGE_STANDARD = "gnu++14";
				CLANG_CXX_LIBRARY = "libc++";
				CLANG_ENABLE_MODULES = YES;
				CLANG_ENABLE_OBJC_ARC = YES;
				CLANG_WARN_BLOCK_CAPTURE_AUTORELEASING = YES;
				CLANG_WARN_BOOL_CONVERSION = YES;
				CLANG_WARN_COMMA = YES;
				CLANG_WARN_CONSTANT_CONVERSION = YES;
				CLANG_WARN_DEPRECATED_OBJC_IMPLEMENTATIONS = YES;
				CLANG_WARN_DIRECT_OBJC_ISA_USAGE = YES_ERROR;
				CLANG_WARN_DOCUMENTATION_COMMENTS = YES;
				CLANG_WARN_EMPTY_BODY = YES;
				CLANG_WARN_ENUM_CONVERSION = YES;
				CLANG_WARN_INFINITE_RECURSION = YES;
				CLANG_WARN_INT_CONVERSION = YES;
				CLANG_WARN_NON_LITERAL_NULL_CONVERSION = YES;
				CLANG_WARN_OBJC_IMPLICIT_RETAIN_SELF = YES;
				CLANG_WARN_OBJC_LITERAL_CONVERSION = YES;
				CLANG_WARN_OBJC_ROOT_CLASS = YES_ERROR;
				CLANG_WARN_RANGE_LOOP_ANALYSIS = YES;
				CLANG_WARN_STRICT_PROTOTYPES = YES;
				CLANG_WARN_SUSPICIOUS_MOVE = YES;
				CLANG_WARN_UNGUARDED_AVAILABILITY = YES_AGGRESSIVE;
				CLANG_WARN_UNREACHABLE_CODE = YES;
				CLANG_WARN__DUPLICATE_METHOD_MATCH = YES;
				CODE_SIGN_IDENTITY = "iPhone Developer";
				COPY_PHASE_STRIP = NO;
				CURRENT_PROJECT_VERSION = 1;
				DEBUG_INFORMATION_FORMAT = dwarf;
				ENABLE_STRICT_OBJC_MSGSEND = YES;
				ENABLE_TESTABILITY = YES;
				GCC_C_LANGUAGE_STANDARD = gnu11;
				GCC_DYNAMIC_NO_PIC = NO;
				GCC_NO_COMMON_BLOCKS = YES;
				GCC_OPTIMIZATION_LEVEL = 0;
				GCC_PREPROCESSOR_DEFINITIONS = (
					"DEBUG=1",
					"$(inherited)",
				);
				GCC_WARN_64_TO_32_BIT_CONVERSION = YES;
				GCC_WARN_ABOUT_RETURN_TYPE = YES_ERROR;
				GCC_WARN_UNDECLARED_SELECTOR = YES;
				GCC_WARN_UNINITIALIZED_AUTOS = YES_AGGRESSIVE;
				GCC_WARN_UNUSED_FUNCTION = YES;
				GCC_WARN_UNUSED_VARIABLE = YES;
				IPHONEOS_DEPLOYMENT_TARGET = 8.0;
				MTL_ENABLE_DEBUG_INFO = YES;
				ONLY_ACTIVE_ARCH = YES;
				SDKROOT = iphoneos;
				SWIFT_ACTIVE_COMPILATION_CONDITIONS = DEBUG;
				SWIFT_OPTIMIZATION_LEVEL = "-Onone";
				SWIFT_VERSION = 4.0;
				VERSIONING_SYSTEM = "apple-generic";
				VERSION_INFO_PREFIX = "";
			};
			name = Debug;
		};
		30FE6FEB1FAA13D30024D1B1 /* Release */ = {
			isa = XCBuildConfiguration;
			buildSettings = {
				ALWAYS_SEARCH_USER_PATHS = NO;
				CLANG_ANALYZER_NONNULL = YES;
				CLANG_ANALYZER_NUMBER_OBJECT_CONVERSION = YES_AGGRESSIVE;
				CLANG_CXX_LANGUAGE_STANDARD = "gnu++14";
				CLANG_CXX_LIBRARY = "libc++";
				CLANG_ENABLE_MODULES = YES;
				CLANG_ENABLE_OBJC_ARC = YES;
				CLANG_WARN_BLOCK_CAPTURE_AUTORELEASING = YES;
				CLANG_WARN_BOOL_CONVERSION = YES;
				CLANG_WARN_COMMA = YES;
				CLANG_WARN_CONSTANT_CONVERSION = YES;
				CLANG_WARN_DEPRECATED_OBJC_IMPLEMENTATIONS = YES;
				CLANG_WARN_DIRECT_OBJC_ISA_USAGE = YES_ERROR;
				CLANG_WARN_DOCUMENTATION_COMMENTS = YES;
				CLANG_WARN_EMPTY_BODY = YES;
				CLANG_WARN_ENUM_CONVERSION = YES;
				CLANG_WARN_INFINITE_RECURSION = YES;
				CLANG_WARN_INT_CONVERSION = YES;
				CLANG_WARN_NON_LITERAL_NULL_CONVERSION = YES;
				CLANG_WARN_OBJC_IMPLICIT_RETAIN_SELF = YES;
				CLANG_WARN_OBJC_LITERAL_CONVERSION = YES;
				CLANG_WARN_OBJC_ROOT_CLASS = YES_ERROR;
				CLANG_WARN_RANGE_LOOP_ANALYSIS = YES;
				CLANG_WARN_STRICT_PROTOTYPES = YES;
				CLANG_WARN_SUSPICIOUS_MOVE = YES;
				CLANG_WARN_UNGUARDED_AVAILABILITY = YES_AGGRESSIVE;
				CLANG_WARN_UNREACHABLE_CODE = YES;
				CLANG_WARN__DUPLICATE_METHOD_MATCH = YES;
				CODE_SIGN_IDENTITY = "iPhone Developer";
				COPY_PHASE_STRIP = NO;
				CURRENT_PROJECT_VERSION = 1;
				DEBUG_INFORMATION_FORMAT = "dwarf-with-dsym";
				ENABLE_NS_ASSERTIONS = NO;
				ENABLE_STRICT_OBJC_MSGSEND = YES;
				GCC_C_LANGUAGE_STANDARD = gnu11;
				GCC_NO_COMMON_BLOCKS = YES;
				GCC_WARN_64_TO_32_BIT_CONVERSION = YES;
				GCC_WARN_ABOUT_RETURN_TYPE = YES_ERROR;
				GCC_WARN_UNDECLARED_SELECTOR = YES;
				GCC_WARN_UNINITIALIZED_AUTOS = YES_AGGRESSIVE;
				GCC_WARN_UNUSED_FUNCTION = YES;
				GCC_WARN_UNUSED_VARIABLE = YES;
				IPHONEOS_DEPLOYMENT_TARGET = 8.0;
				MTL_ENABLE_DEBUG_INFO = NO;
				SDKROOT = iphoneos;
				SWIFT_OPTIMIZATION_LEVEL = "-Owholemodule";
				SWIFT_VERSION = 4.0;
				VALIDATE_PRODUCT = YES;
				VERSIONING_SYSTEM = "apple-generic";
				VERSION_INFO_PREFIX = "";
			};
			name = Release;
		};
		30FE6FED1FAA13D30024D1B1 /* Debug */ = {
			isa = XCBuildConfiguration;
			buildSettings = {
				CODE_SIGN_IDENTITY = "";
				CODE_SIGN_STYLE = Automatic;
				DEFINES_MODULE = YES;
				DEVELOPMENT_TEAM = "";
				DYLIB_COMPATIBILITY_VERSION = 1;
				DYLIB_CURRENT_VERSION = 1;
				DYLIB_INSTALL_NAME_BASE = "@rpath";
				INFOPLIST_FILE = BundleFiles/Info.plist;
				INSTALL_PATH = "$(LOCAL_LIBRARY_DIR)/Frameworks";
				IPHONEOS_DEPLOYMENT_TARGET = 8.0;
				LD_RUNPATH_SEARCH_PATHS = "$(inherited) @executable_path/Frameworks @loader_path/Frameworks";
				MARKETING_VERSION = 2.2.1;
				PRODUCT_BUNDLE_IDENTIFIER = OO.AnyFormatKit;
				PRODUCT_NAME = "$(TARGET_NAME:c99extidentifier)";
				SKIP_INSTALL = YES;
				SWIFT_VERSION = 5.0;
				TARGETED_DEVICE_FAMILY = "1,2";
			};
			name = Debug;
		};
		30FE6FEE1FAA13D30024D1B1 /* Release */ = {
			isa = XCBuildConfiguration;
			buildSettings = {
				CODE_SIGN_IDENTITY = "";
				CODE_SIGN_STYLE = Automatic;
				DEFINES_MODULE = YES;
				DEVELOPMENT_TEAM = "";
				DYLIB_COMPATIBILITY_VERSION = 1;
				DYLIB_CURRENT_VERSION = 1;
				DYLIB_INSTALL_NAME_BASE = "@rpath";
				INFOPLIST_FILE = BundleFiles/Info.plist;
				INSTALL_PATH = "$(LOCAL_LIBRARY_DIR)/Frameworks";
				IPHONEOS_DEPLOYMENT_TARGET = 8.0;
				LD_RUNPATH_SEARCH_PATHS = "$(inherited) @executable_path/Frameworks @loader_path/Frameworks";
				MARKETING_VERSION = 2.2.1;
				PRODUCT_BUNDLE_IDENTIFIER = OO.AnyFormatKit;
				PRODUCT_NAME = "$(TARGET_NAME:c99extidentifier)";
				SKIP_INSTALL = YES;
				SWIFT_VERSION = 5.0;
				TARGETED_DEVICE_FAMILY = "1,2";
			};
			name = Release;
		};
		30FE6FF01FAA13D30024D1B1 /* Debug */ = {
			isa = XCBuildConfiguration;
			buildSettings = {
				ALWAYS_EMBED_SWIFT_STANDARD_LIBRARIES = YES;
				CODE_SIGN_STYLE = Automatic;
				DEVELOPMENT_TEAM = "";
				INFOPLIST_FILE = Tests/Info.plist;
				LD_RUNPATH_SEARCH_PATHS = "$(inherited) @executable_path/Frameworks @loader_path/Frameworks";
				PRODUCT_BUNDLE_IDENTIFIER = Brander.AnyFormatKitTests;
				PRODUCT_NAME = "$(TARGET_NAME)";
				SWIFT_VERSION = 5.0;
				TARGETED_DEVICE_FAMILY = "1,2";
			};
			name = Debug;
		};
		30FE6FF11FAA13D30024D1B1 /* Release */ = {
			isa = XCBuildConfiguration;
			buildSettings = {
				ALWAYS_EMBED_SWIFT_STANDARD_LIBRARIES = YES;
				CODE_SIGN_STYLE = Automatic;
				DEVELOPMENT_TEAM = "";
				INFOPLIST_FILE = Tests/Info.plist;
				LD_RUNPATH_SEARCH_PATHS = "$(inherited) @executable_path/Frameworks @loader_path/Frameworks";
				PRODUCT_BUNDLE_IDENTIFIER = Brander.AnyFormatKitTests;
				PRODUCT_NAME = "$(TARGET_NAME)";
				SWIFT_VERSION = 5.0;
				TARGETED_DEVICE_FAMILY = "1,2";
			};
			name = Release;
		};
/* End XCBuildConfiguration section */

/* Begin XCConfigurationList section */
		30FE6FD21FAA13D30024D1B1 /* Build configuration list for PBXProject "AnyFormatKit" */ = {
			isa = XCConfigurationList;
			buildConfigurations = (
				30FE6FEA1FAA13D30024D1B1 /* Debug */,
				30FE6FEB1FAA13D30024D1B1 /* Release */,
			);
			defaultConfigurationIsVisible = 0;
			defaultConfigurationName = Release;
		};
		30FE6FEC1FAA13D30024D1B1 /* Build configuration list for PBXNativeTarget "AnyFormatKit" */ = {
			isa = XCConfigurationList;
			buildConfigurations = (
				30FE6FED1FAA13D30024D1B1 /* Debug */,
				30FE6FEE1FAA13D30024D1B1 /* Release */,
			);
			defaultConfigurationIsVisible = 0;
			defaultConfigurationName = Release;
		};
		30FE6FEF1FAA13D30024D1B1 /* Build configuration list for PBXNativeTarget "AnyFormatKitTests" */ = {
			isa = XCConfigurationList;
			buildConfigurations = (
				30FE6FF01FAA13D30024D1B1 /* Debug */,
				30FE6FF11FAA13D30024D1B1 /* Release */,
			);
			defaultConfigurationIsVisible = 0;
			defaultConfigurationName = Release;
		};
/* End XCConfigurationList section */
	};
	rootObject = 30FE6FCF1FAA13D30024D1B1 /* Project object */;
}
