PODS:
  - AnyFormatKit (2.2.1)
  - SnapKit (4.0.1)

DEPENDENCIES:
  - AnyFormatKit (from `../../`)
  - SnapKit (~> 4.0.0)

SPEC REPOS:
  trunk:
    - SnapKit

EXTERNAL SOURCES:
  AnyFormatKit:
    :path: "../../"

SPEC CHECKSUMS:
  AnyFormatKit: a433c9051897ec3af3aa77172c443d08660419ca
  SnapKit: 0de968a9fec17499afa29683b05d0c775b6d1c29

PODFILE CHECKSUM: 8f358085a0bd2919361750024b315434e92f43e1

COCOAPODS: 1.10.0
