// !$*UTF8*$!
{
	archiveVersion = 1;
	classes = {
	};
	objectVersion = 48;
	objects = {

/* Begin PBXBuildFile section */
		307EA2511FAA1D0000DE439D /* AppDelegate.swift in Sources */ = {isa = PBXBuildFile; fileRef = 307EA2501FAA1D0000DE439D /* AppDelegate.swift */; };
		307EA2561FAA1D0000DE439D /* Main.storyboard in Resources */ = {isa = PBXBuildFile; fileRef = 307EA2541FAA1D0000DE439D /* Main.storyboard */; };
		307EA2581FAA1D0000DE439D /* Assets.xcassets in Resources */ = {isa = PBXBuildFile; fileRef = 307EA2571FAA1D0000DE439D /* Assets.xcassets */; };
		307EA25B1FAA1D0000DE439D /* LaunchScreen.storyboard in Resources */ = {isa = PBXBuildFile; fileRef = 307EA2591FAA1D0000DE439D /* LaunchScreen.storyboard */; };
		30B95D611FAA242600BFF81F /* ViewController.swift in Sources */ = {isa = PBXBuildFile; fileRef = 30B95D601FAA242600BFF81F /* ViewController.swift */; };
		30C5F53D1FAB6A3B003711D1 /* AnyFormatKit.framework in Frameworks */ = {isa = PBXBuildFile; fileRef = 30B95D5D1FAA23E800BFF81F /* AnyFormatKit.framework */; };
		30C5F53E1FAB6A3B003711D1 /* AnyFormatKit.framework in Embed Frameworks */ = {isa = PBXBuildFile; fileRef = 30B95D5D1FAA23E800BFF81F /* AnyFormatKit.framework */; settings = {ATTRIBUTES = (CodeSignOnCopy, RemoveHeadersOnCopy, ); }; };
/* End PBXBuildFile section */

/* Begin PBXCopyFilesBuildPhase section */
		30C5F53F1FAB6A3B003711D1 /* Embed Frameworks */ = {
			isa = PBXCopyFilesBuildPhase;
			buildActionMask = 2147483647;
			dstPath = "";
			dstSubfolderSpec = 10;
			files = (
				30C5F53E1FAB6A3B003711D1 /* AnyFormatKit.framework in Embed Frameworks */,
			);
			name = "Embed Frameworks";
			runOnlyForDeploymentPostprocessing = 0;
		};
/* End PBXCopyFilesBuildPhase section */

/* Begin PBXFileReference section */
		307EA24D1FAA1D0000DE439D /* iOS Example.app */ = {isa = PBXFileReference; explicitFileType = wrapper.application; includeInIndex = 0; path = "iOS Example.app"; sourceTree = BUILT_PRODUCTS_DIR; };
		307EA2501FAA1D0000DE439D /* AppDelegate.swift */ = {isa = PBXFileReference; lastKnownFileType = sourcecode.swift; path = AppDelegate.swift; sourceTree = "<group>"; };
		307EA2551FAA1D0000DE439D /* Base */ = {isa = PBXFileReference; lastKnownFileType = file.storyboard; name = Base; path = Base.lproj/Main.storyboard; sourceTree = "<group>"; };
		307EA2571FAA1D0000DE439D /* Assets.xcassets */ = {isa = PBXFileReference; lastKnownFileType = folder.assetcatalog; path = Assets.xcassets; sourceTree = "<group>"; };
		307EA25A1FAA1D0000DE439D /* Base */ = {isa = PBXFileReference; lastKnownFileType = file.storyboard; name = Base; path = Base.lproj/LaunchScreen.storyboard; sourceTree = "<group>"; };
		307EA25C1FAA1D0000DE439D /* Info.plist */ = {isa = PBXFileReference; lastKnownFileType = text.plist.xml; path = Info.plist; sourceTree = "<group>"; };
		30B95D5D1FAA23E800BFF81F /* AnyFormatKit.framework */ = {isa = PBXFileReference; explicitFileType = wrapper.framework; path = AnyFormatKit.framework; sourceTree = BUILT_PRODUCTS_DIR; };
		30B95D5F1FAA240400BFF81F /* AnyFormatKit.framework */ = {isa = PBXFileReference; explicitFileType = wrapper.framework; path = AnyFormatKit.framework; sourceTree = BUILT_PRODUCTS_DIR; };
		30B95D601FAA242600BFF81F /* ViewController.swift */ = {isa = PBXFileReference; fileEncoding = 4; lastKnownFileType = sourcecode.swift; path = ViewController.swift; sourceTree = "<group>"; };
/* End PBXFileReference section */

/* Begin PBXFrameworksBuildPhase section */
		307EA24A1FAA1D0000DE439D /* Frameworks */ = {
			isa = PBXFrameworksBuildPhase;
			buildActionMask = 2147483647;
			files = (
				30C5F53D1FAB6A3B003711D1 /* AnyFormatKit.framework in Frameworks */,
			);
			runOnlyForDeploymentPostprocessing = 0;
		};
/* End PBXFrameworksBuildPhase section */

/* Begin PBXGroup section */
		307EA2441FAA1D0000DE439D = {
			isa = PBXGroup;
			children = (
				307EA24F1FAA1D0000DE439D /* iOS Example */,
				307EA24E1FAA1D0000DE439D /* Products */,
				30B95D5B1FAA23E800BFF81F /* Frameworks */,
			);
			sourceTree = "<group>";
		};
		307EA24E1FAA1D0000DE439D /* Products */ = {
			isa = PBXGroup;
			children = (
				307EA24D1FAA1D0000DE439D /* iOS Example.app */,
			);
			name = Products;
			sourceTree = "<group>";
		};
		307EA24F1FAA1D0000DE439D /* iOS Example */ = {
			isa = PBXGroup;
			children = (
				307EA2501FAA1D0000DE439D /* AppDelegate.swift */,
				30B95D601FAA242600BFF81F /* ViewController.swift */,
				307EA2541FAA1D0000DE439D /* Main.storyboard */,
				307EA2571FAA1D0000DE439D /* Assets.xcassets */,
				307EA2591FAA1D0000DE439D /* LaunchScreen.storyboard */,
				307EA25C1FAA1D0000DE439D /* Info.plist */,
			);
			path = "iOS Example";
			sourceTree = "<group>";
		};
		30B95D5B1FAA23E800BFF81F /* Frameworks */ = {
			isa = PBXGroup;
			children = (
				30B95D5F1FAA240400BFF81F /* AnyFormatKit.framework */,
				30B95D5D1FAA23E800BFF81F /* AnyFormatKit.framework */,
			);
			name = Frameworks;
			sourceTree = "<group>";
		};
/* End PBXGroup section */

/* Begin PBXNativeTarget section */
		307EA24C1FAA1D0000DE439D /* iOS Example */ = {
			isa = PBXNativeTarget;
			buildConfigurationList = 307EA25F1FAA1D0000DE439D /* Build configuration list for PBXNativeTarget "iOS Example" */;
			buildPhases = (
				307EA2491FAA1D0000DE439D /* Sources */,
				307EA24A1FAA1D0000DE439D /* Frameworks */,
				307EA24B1FAA1D0000DE439D /* Resources */,
				30C5F53F1FAB6A3B003711D1 /* Embed Frameworks */,
			);
			buildRules = (
			);
			dependencies = (
			);
			name = "iOS Example";
			productName = "iOS Example";
			productReference = 307EA24D1FAA1D0000DE439D /* iOS Example.app */;
			productType = "com.apple.product-type.application";
		};
/* End PBXNativeTarget section */

/* Begin PBXProject section */
		307EA2451FAA1D0000DE439D /* Project object */ = {
			isa = PBXProject;
			attributes = {
				LastSwiftUpdateCheck = 0910;
				LastUpgradeCheck = 1000;
				ORGANIZATIONNAME = BRANDERSTUDIO;
				TargetAttributes = {
					307EA24C1FAA1D0000DE439D = {
						CreatedOnToolsVersion = 9.1;
						LastSwiftMigration = 1020;
						ProvisioningStyle = Automatic;
					};
				};
			};
			buildConfigurationList = 307EA2481FAA1D0000DE439D /* Build configuration list for PBXProject "iOS Example" */;
			compatibilityVersion = "Xcode 8.0";
			developmentRegion = en;
			hasScannedForEncodings = 0;
			knownRegions = (
				en,
				Base,
			);
			mainGroup = 307EA2441FAA1D0000DE439D;
			productRefGroup = 307EA24E1FAA1D0000DE439D /* Products */;
			projectDirPath = "";
			projectRoot = "";
			targets = (
				307EA24C1FAA1D0000DE439D /* iOS Example */,
			);
		};
/* End PBXProject section */

/* Begin PBXResourcesBuildPhase section */
		307EA24B1FAA1D0000DE439D /* Resources */ = {
			isa = PBXResourcesBuildPhase;
			buildActionMask = 2147483647;
			files = (
				307EA25B1FAA1D0000DE439D /* LaunchScreen.storyboard in Resources */,
				307EA2581FAA1D0000DE439D /* Assets.xcassets in Resources */,
				307EA2561FAA1D0000DE439D /* Main.storyboard in Resources */,
			);
			runOnlyForDeploymentPostprocessing = 0;
		};
/* End PBXResourcesBuildPhase section */

/* Begin PBXSourcesBuildPhase section */
		307EA2491FAA1D0000DE439D /* Sources */ = {
			isa = PBXSourcesBuildPhase;
			buildActionMask = 2147483647;
			files = (
				30B95D611FAA242600BFF81F /* ViewController.swift in Sources */,
				307EA2511FAA1D0000DE439D /* AppDelegate.swift in Sources */,
			);
			runOnlyForDeploymentPostprocessing = 0;
		};
/* End PBXSourcesBuildPhase section */

/* Begin PBXVariantGroup section */
		307EA2541FAA1D0000DE439D /* Main.storyboard */ = {
			isa = PBXVariantGroup;
			children = (
				307EA2551FAA1D0000DE439D /* Base */,
			);
			name = Main.storyboard;
			sourceTree = "<group>";
		};
		307EA2591FAA1D0000DE439D /* LaunchScreen.storyboard */ = {
			isa = PBXVariantGroup;
			children = (
				307EA25A1FAA1D0000DE439D /* Base */,
			);
			name = LaunchScreen.storyboard;
			sourceTree = "<group>";
		};
/* End PBXVariantGroup section */

/* Begin XCBuildConfiguration section */
		307EA25D1FAA1D0000DE439D /* Debug */ = {
			isa = XCBuildConfiguration;
			buildSettings = {
				ALWAYS_SEARCH_USER_PATHS = NO;
				CLANG_ANALYZER_NONNULL = YES;
				CLANG_ANALYZER_NUMBER_OBJECT_CONVERSION = YES_AGGRESSIVE;
				CLANG_CXX_LANGUAGE_STANDARD = "gnu++14";
				CLANG_CXX_LIBRARY = "libc++";
				CLANG_ENABLE_MODULES = YES;
				CLANG_ENABLE_OBJC_ARC = YES;
				CLANG_WARN_BLOCK_CAPTURE_AUTORELEASING = YES;
				CLANG_WARN_BOOL_CONVERSION = YES;
				CLANG_WARN_COMMA = YES;
				CLANG_WARN_CONSTANT_CONVERSION = YES;
				CLANG_WARN_DEPRECATED_OBJC_IMPLEMENTATIONS = YES;
				CLANG_WARN_DIRECT_OBJC_ISA_USAGE = YES_ERROR;
				CLANG_WARN_DOCUMENTATION_COMMENTS = YES;
				CLANG_WARN_EMPTY_BODY = YES;
				CLANG_WARN_ENUM_CONVERSION = YES;
				CLANG_WARN_INFINITE_RECURSION = YES;
				CLANG_WARN_INT_CONVERSION = YES;
				CLANG_WARN_NON_LITERAL_NULL_CONVERSION = YES;
				CLANG_WARN_OBJC_IMPLICIT_RETAIN_SELF = YES;
				CLANG_WARN_OBJC_LITERAL_CONVERSION = YES;
				CLANG_WARN_OBJC_ROOT_CLASS = YES_ERROR;
				CLANG_WARN_RANGE_LOOP_ANALYSIS = YES;
				CLANG_WARN_STRICT_PROTOTYPES = YES;
				CLANG_WARN_SUSPICIOUS_MOVE = YES;
				CLANG_WARN_UNGUARDED_AVAILABILITY = YES_AGGRESSIVE;
				CLANG_WARN_UNREACHABLE_CODE = YES;
				CLANG_WARN__DUPLICATE_METHOD_MATCH = YES;
				CODE_SIGN_IDENTITY = "iPhone Developer";
				COPY_PHASE_STRIP = NO;
				DEBUG_INFORMATION_FORMAT = dwarf;
				ENABLE_STRICT_OBJC_MSGSEND = YES;
				ENABLE_TESTABILITY = YES;
				GCC_C_LANGUAGE_STANDARD = gnu11;
				GCC_DYNAMIC_NO_PIC = NO;
				GCC_NO_COMMON_BLOCKS = YES;
				GCC_OPTIMIZATION_LEVEL = 0;
				GCC_PREPROCESSOR_DEFINITIONS = (
					"DEBUG=1",
					"$(inherited)",
				);
				GCC_WARN_64_TO_32_BIT_CONVERSION = YES;
				GCC_WARN_ABOUT_RETURN_TYPE = YES_ERROR;
				GCC_WARN_UNDECLARED_SELECTOR = YES;
				GCC_WARN_UNINITIALIZED_AUTOS = YES_AGGRESSIVE;
				GCC_WARN_UNUSED_FUNCTION = YES;
				GCC_WARN_UNUSED_VARIABLE = YES;
				IPHONEOS_DEPLOYMENT_TARGET = 8.0;
				MTL_ENABLE_DEBUG_INFO = YES;
				ONLY_ACTIVE_ARCH = YES;
				SDKROOT = iphoneos;
				SWIFT_ACTIVE_COMPILATION_CONDITIONS = DEBUG;
				SWIFT_OPTIMIZATION_LEVEL = "-Onone";
			};
			name = Debug;
		};
		307EA25E1FAA1D0000DE439D /* Release */ = {
			isa = XCBuildConfiguration;
			buildSettings = {
				ALWAYS_SEARCH_USER_PATHS = NO;
				CLANG_ANALYZER_NONNULL = YES;
				CLANG_ANALYZER_NUMBER_OBJECT_CONVERSION = YES_AGGRESSIVE;
				CLANG_CXX_LANGUAGE_STANDARD = "gnu++14";
				CLANG_CXX_LIBRARY = "libc++";
				CLANG_ENABLE_MODULES = YES;
				CLANG_ENABLE_OBJC_ARC = YES;
				CLANG_WARN_BLOCK_CAPTURE_AUTORELEASING = YES;
				CLANG_WARN_BOOL_CONVERSION = YES;
				CLANG_WARN_COMMA = YES;
				CLANG_WARN_CONSTANT_CONVERSION = YES;
				CLANG_WARN_DEPRECATED_OBJC_IMPLEMENTATIONS = YES;
				CLANG_WARN_DIRECT_OBJC_ISA_USAGE = YES_ERROR;
				CLANG_WARN_DOCUMENTATION_COMMENTS = YES;
				CLANG_WARN_EMPTY_BODY = YES;
				CLANG_WARN_ENUM_CONVERSION = YES;
				CLANG_WARN_INFINITE_RECURSION = YES;
				CLANG_WARN_INT_CONVERSION = YES;
				CLANG_WARN_NON_LITERAL_NULL_CONVERSION = YES;
				CLANG_WARN_OBJC_IMPLICIT_RETAIN_SELF = YES;
				CLANG_WARN_OBJC_LITERAL_CONVERSION = YES;
				CLANG_WARN_OBJC_ROOT_CLASS = YES_ERROR;
				CLANG_WARN_RANGE_LOOP_ANALYSIS = YES;
				CLANG_WARN_STRICT_PROTOTYPES = YES;
				CLANG_WARN_SUSPICIOUS_MOVE = YES;
				CLANG_WARN_UNGUARDED_AVAILABILITY = YES_AGGRESSIVE;
				CLANG_WARN_UNREACHABLE_CODE = YES;
				CLANG_WARN__DUPLICATE_METHOD_MATCH = YES;
				CODE_SIGN_IDENTITY = "iPhone Developer";
				COPY_PHASE_STRIP = NO;
				DEBUG_INFORMATION_FORMAT = "dwarf-with-dsym";
				ENABLE_NS_ASSERTIONS = NO;
				ENABLE_STRICT_OBJC_MSGSEND = YES;
				GCC_C_LANGUAGE_STANDARD = gnu11;
				GCC_NO_COMMON_BLOCKS = YES;
				GCC_WARN_64_TO_32_BIT_CONVERSION = YES;
				GCC_WARN_ABOUT_RETURN_TYPE = YES_ERROR;
				GCC_WARN_UNDECLARED_SELECTOR = YES;
				GCC_WARN_UNINITIALIZED_AUTOS = YES_AGGRESSIVE;
				GCC_WARN_UNUSED_FUNCTION = YES;
				GCC_WARN_UNUSED_VARIABLE = YES;
				IPHONEOS_DEPLOYMENT_TARGET = 8.0;
				MTL_ENABLE_DEBUG_INFO = NO;
				SDKROOT = iphoneos;
				SWIFT_OPTIMIZATION_LEVEL = "-Owholemodule";
				VALIDATE_PRODUCT = YES;
			};
			name = Release;
		};
		307EA2601FAA1D0000DE439D /* Debug */ = {
			isa = XCBuildConfiguration;
			buildSettings = {
				ALWAYS_EMBED_SWIFT_STANDARD_LIBRARIES = NO;
				ASSETCATALOG_COMPILER_APPICON_NAME = AppIcon;
				CODE_SIGN_STYLE = Automatic;
				DEVELOPMENT_TEAM = 87GS5B9N5U;
				INFOPLIST_FILE = "iOS Example/Info.plist";
				IPHONEOS_DEPLOYMENT_TARGET = 8.0;
				LD_RUNPATH_SEARCH_PATHS = "$(inherited) @executable_path/Frameworks";
				PRODUCT_BUNDLE_IDENTIFIER = "OO.iOS-Example";
				PRODUCT_NAME = "$(TARGET_NAME)";
				SWIFT_VERSION = 5.0;
				TARGETED_DEVICE_FAMILY = "1,2";
			};
			name = Debug;
		};
		307EA2611FAA1D0000DE439D /* Release */ = {
			isa = XCBuildConfiguration;
			buildSettings = {
				ALWAYS_EMBED_SWIFT_STANDARD_LIBRARIES = NO;
				ASSETCATALOG_COMPILER_APPICON_NAME = AppIcon;
				CODE_SIGN_STYLE = Automatic;
				DEVELOPMENT_TEAM = 87GS5B9N5U;
				INFOPLIST_FILE = "iOS Example/Info.plist";
				IPHONEOS_DEPLOYMENT_TARGET = 8.0;
				LD_RUNPATH_SEARCH_PATHS = "$(inherited) @executable_path/Frameworks";
				PRODUCT_BUNDLE_IDENTIFIER = "OO.iOS-Example";
				PRODUCT_NAME = "$(TARGET_NAME)";
				SWIFT_VERSION = 5.0;
				TARGETED_DEVICE_FAMILY = "1,2";
			};
			name = Release;
		};
/* End XCBuildConfiguration section */

/* Begin XCConfigurationList section */
		307EA2481FAA1D0000DE439D /* Build configuration list for PBXProject "iOS Example" */ = {
			isa = XCConfigurationList;
			buildConfigurations = (
				307EA25D1FAA1D0000DE439D /* Debug */,
				307EA25E1FAA1D0000DE439D /* Release */,
			);
			defaultConfigurationIsVisible = 0;
			defaultConfigurationName = Release;
		};
		307EA25F1FAA1D0000DE439D /* Build configuration list for PBXNativeTarget "iOS Example" */ = {
			isa = XCConfigurationList;
			buildConfigurations = (
				307EA2601FAA1D0000DE439D /* Debug */,
				307EA2611FAA1D0000DE439D /* Release */,
			);
			defaultConfigurationIsVisible = 0;
			defaultConfigurationName = Release;
		};
/* End XCConfigurationList section */
	};
	rootObject = 307EA2451FAA1D0000DE439D /* Project object */;
}
