// !$*UTF8*$!
{
	archiveVersion = 1;
	classes = {
	};
	objectVersion = 51;
	objects = {

/* Begin PBXBuildFile section */
		0288B15A25C580BE00E76E32 /* AppDelegate.swift in Sources */ = {isa = PBXBuildFile; fileRef = 0288B15925C580BE00E76E32 /* AppDelegate.swift */; };
		0288B15D25C580FA00E76E32 /* SceneDelegate.swift in Sources */ = {isa = PBXBuildFile; fileRef = 0288B15C25C580FA00E76E32 /* SceneDelegate.swift */; };
		0288B16125C5826E00E76E32 /* Launch Screen.storyboard in Resources */ = {isa = PBXBuildFile; fileRef = 0288B16025C5826E00E76E32 /* Launch Screen.storyboard */; };
		02B6FFF825C326FE004281A4 /* ContentView.swift in Sources */ = {isa = PBXBuildFile; fileRef = 02B6FFF725C326FE004281A4 /* ContentView.swift */; };
		02B6FFFA25C326FF004281A4 /* Assets.xcassets in Resources */ = {isa = PBXBuildFile; fileRef = 02B6FFF925C326FF004281A4 /* Assets.xcassets */; };
		02B6FFFD25C326FF004281A4 /* Preview Assets.xcassets in Resources */ = {isa = PBXBuildFile; fileRef = 02B6FFFC25C326FF004281A4 /* Preview Assets.xcassets */; };
		3127745C372E10DBEC9DA634 /* Pods_SwiftUIExample.framework in Frameworks */ = {isa = PBXBuildFile; fileRef = 3FE003B516693E606529D1F6 /* Pods_SwiftUIExample.framework */; };
/* End PBXBuildFile section */

/* Begin PBXFileReference section */
		024A799F25C74A4400478A15 /* SwiftUIExample.entitlements */ = {isa = PBXFileReference; lastKnownFileType = text.plist.entitlements; path = SwiftUIExample.entitlements; sourceTree = "<group>"; };
		0288B15925C580BE00E76E32 /* AppDelegate.swift */ = {isa = PBXFileReference; lastKnownFileType = sourcecode.swift; path = AppDelegate.swift; sourceTree = "<group>"; };
		0288B15C25C580FA00E76E32 /* SceneDelegate.swift */ = {isa = PBXFileReference; lastKnownFileType = sourcecode.swift; path = SceneDelegate.swift; sourceTree = "<group>"; };
		0288B16025C5826E00E76E32 /* Launch Screen.storyboard */ = {isa = PBXFileReference; lastKnownFileType = file.storyboard; path = "Launch Screen.storyboard"; sourceTree = "<group>"; };
		02B6FFF225C326FE004281A4 /* SwiftUIExample.app */ = {isa = PBXFileReference; explicitFileType = wrapper.application; includeInIndex = 0; path = SwiftUIExample.app; sourceTree = BUILT_PRODUCTS_DIR; };
		02B6FFF725C326FE004281A4 /* ContentView.swift */ = {isa = PBXFileReference; lastKnownFileType = sourcecode.swift; path = ContentView.swift; sourceTree = "<group>"; };
		02B6FFF925C326FF004281A4 /* Assets.xcassets */ = {isa = PBXFileReference; lastKnownFileType = folder.assetcatalog; path = Assets.xcassets; sourceTree = "<group>"; };
		02B6FFFC25C326FF004281A4 /* Preview Assets.xcassets */ = {isa = PBXFileReference; lastKnownFileType = folder.assetcatalog; path = "Preview Assets.xcassets"; sourceTree = "<group>"; };
		02B6FFFE25C326FF004281A4 /* Info.plist */ = {isa = PBXFileReference; lastKnownFileType = text.plist.xml; path = Info.plist; sourceTree = "<group>"; };
		3FE003B516693E606529D1F6 /* Pods_SwiftUIExample.framework */ = {isa = PBXFileReference; explicitFileType = wrapper.framework; includeInIndex = 0; path = Pods_SwiftUIExample.framework; sourceTree = BUILT_PRODUCTS_DIR; };
		C8714A3908AA22A3AC5193EB /* Pods-SwiftUIExample.release.xcconfig */ = {isa = PBXFileReference; includeInIndex = 1; lastKnownFileType = text.xcconfig; name = "Pods-SwiftUIExample.release.xcconfig"; path = "Target Support Files/Pods-SwiftUIExample/Pods-SwiftUIExample.release.xcconfig"; sourceTree = "<group>"; };
		F704805AE40ACAF49F096182 /* Pods-SwiftUIExample.debug.xcconfig */ = {isa = PBXFileReference; includeInIndex = 1; lastKnownFileType = text.xcconfig; name = "Pods-SwiftUIExample.debug.xcconfig"; path = "Target Support Files/Pods-SwiftUIExample/Pods-SwiftUIExample.debug.xcconfig"; sourceTree = "<group>"; };
/* End PBXFileReference section */

/* Begin PBXFrameworksBuildPhase section */
		02B6FFEF25C326FE004281A4 /* Frameworks */ = {
			isa = PBXFrameworksBuildPhase;
			buildActionMask = 2147483647;
			files = (
				3127745C372E10DBEC9DA634 /* Pods_SwiftUIExample.framework in Frameworks */,
			);
			runOnlyForDeploymentPostprocessing = 0;
		};
/* End PBXFrameworksBuildPhase section */

/* Begin PBXGroup section */
		0288B15825C580AD00E76E32 /* App */ = {
			isa = PBXGroup;
			children = (
				0288B15925C580BE00E76E32 /* AppDelegate.swift */,
				0288B15C25C580FA00E76E32 /* SceneDelegate.swift */,
				0288B16025C5826E00E76E32 /* Launch Screen.storyboard */,
			);
			path = App;
			sourceTree = "<group>";
		};
		02B6FFE925C326FE004281A4 = {
			isa = PBXGroup;
			children = (
				02B6FFF425C326FE004281A4 /* SwiftUIExample */,
				02B6FFF325C326FE004281A4 /* Products */,
				0E311208990CA5C8F6B67416 /* Pods */,
				13476E5C047C792248FBE339 /* Frameworks */,
			);
			sourceTree = "<group>";
		};
		02B6FFF325C326FE004281A4 /* Products */ = {
			isa = PBXGroup;
			children = (
				02B6FFF225C326FE004281A4 /* SwiftUIExample.app */,
			);
			name = Products;
			sourceTree = "<group>";
		};
		02B6FFF425C326FE004281A4 /* SwiftUIExample */ = {
			isa = PBXGroup;
			children = (
				024A799F25C74A4400478A15 /* SwiftUIExample.entitlements */,
				0288B15825C580AD00E76E32 /* App */,
				02B6FFF725C326FE004281A4 /* ContentView.swift */,
				02B6FFF925C326FF004281A4 /* Assets.xcassets */,
				02B6FFFE25C326FF004281A4 /* Info.plist */,
				02B6FFFB25C326FF004281A4 /* Preview Content */,
			);
			path = SwiftUIExample;
			sourceTree = "<group>";
		};
		02B6FFFB25C326FF004281A4 /* Preview Content */ = {
			isa = PBXGroup;
			children = (
				02B6FFFC25C326FF004281A4 /* Preview Assets.xcassets */,
			);
			path = "Preview Content";
			sourceTree = "<group>";
		};
		0E311208990CA5C8F6B67416 /* Pods */ = {
			isa = PBXGroup;
			children = (
				F704805AE40ACAF49F096182 /* Pods-SwiftUIExample.debug.xcconfig */,
				C8714A3908AA22A3AC5193EB /* Pods-SwiftUIExample.release.xcconfig */,
			);
			path = Pods;
			sourceTree = "<group>";
		};
		13476E5C047C792248FBE339 /* Frameworks */ = {
			isa = PBXGroup;
			children = (
				3FE003B516693E606529D1F6 /* Pods_SwiftUIExample.framework */,
			);
			name = Frameworks;
			sourceTree = "<group>";
		};
/* End PBXGroup section */

/* Begin PBXNativeTarget section */
		02B6FFF125C326FE004281A4 /* SwiftUIExample */ = {
			isa = PBXNativeTarget;
			buildConfigurationList = 02B6000125C326FF004281A4 /* Build configuration list for PBXNativeTarget "SwiftUIExample" */;
			buildPhases = (
				1580EEDC9C6EFF5A8B1760D0 /* [CP] Check Pods Manifest.lock */,
				02B6FFEE25C326FE004281A4 /* Sources */,
				02B6FFEF25C326FE004281A4 /* Frameworks */,
				02B6FFF025C326FE004281A4 /* Resources */,
				E95E7DB1491111062BEF860B /* [CP] Embed Pods Frameworks */,
			);
			buildRules = (
			);
			dependencies = (
			);
			name = SwiftUIExample;
			packageProductDependencies = (
			);
			productName = SwiftUIExample;
			productReference = 02B6FFF225C326FE004281A4 /* SwiftUIExample.app */;
			productType = "com.apple.product-type.application";
		};
/* End PBXNativeTarget section */

/* Begin PBXProject section */
		02B6FFEA25C326FE004281A4 /* Project object */ = {
			isa = PBXProject;
			attributes = {
				LastSwiftUpdateCheck = 1230;
				LastUpgradeCheck = 1230;
				TargetAttributes = {
					02B6FFF125C326FE004281A4 = {
						CreatedOnToolsVersion = 12.3;
					};
				};
			};
			buildConfigurationList = 02B6FFED25C326FE004281A4 /* Build configuration list for PBXProject "SwiftUIExample" */;
			compatibilityVersion = "Xcode 9.3";
			developmentRegion = en;
			hasScannedForEncodings = 0;
			knownRegions = (
				en,
				Base,
			);
			mainGroup = 02B6FFE925C326FE004281A4;
			packageReferences = (
			);
			productRefGroup = 02B6FFF325C326FE004281A4 /* Products */;
			projectDirPath = "";
			projectRoot = "";
			targets = (
				02B6FFF125C326FE004281A4 /* SwiftUIExample */,
			);
		};
/* End PBXProject section */

/* Begin PBXResourcesBuildPhase section */
		02B6FFF025C326FE004281A4 /* Resources */ = {
			isa = PBXResourcesBuildPhase;
			buildActionMask = 2147483647;
			files = (
				0288B16125C5826E00E76E32 /* Launch Screen.storyboard in Resources */,
				02B6FFFD25C326FF004281A4 /* Preview Assets.xcassets in Resources */,
				02B6FFFA25C326FF004281A4 /* Assets.xcassets in Resources */,
			);
			runOnlyForDeploymentPostprocessing = 0;
		};
/* End PBXResourcesBuildPhase section */

/* Begin PBXShellScriptBuildPhase section */
		1580EEDC9C6EFF5A8B1760D0 /* [CP] Check Pods Manifest.lock */ = {
			isa = PBXShellScriptBuildPhase;
			buildActionMask = 2147483647;
			files = (
			);
			inputFileListPaths = (
			);
			inputPaths = (
				"${PODS_PODFILE_DIR_PATH}/Podfile.lock",
				"${PODS_ROOT}/Manifest.lock",
			);
			name = "[CP] Check Pods Manifest.lock";
			outputFileListPaths = (
			);
			outputPaths = (
				"$(DERIVED_FILE_DIR)/Pods-SwiftUIExample-checkManifestLockResult.txt",
			);
			runOnlyForDeploymentPostprocessing = 0;
			shellPath = /bin/sh;
			shellScript = "diff \"${PODS_PODFILE_DIR_PATH}/Podfile.lock\" \"${PODS_ROOT}/Manifest.lock\" > /dev/null\nif [ $? != 0 ] ; then\n    # print error to STDERR\n    echo \"error: The sandbox is not in sync with the Podfile.lock. Run 'pod install' or update your CocoaPods installation.\" >&2\n    exit 1\nfi\n# This output is used by Xcode 'outputs' to avoid re-running this script phase.\necho \"SUCCESS\" > \"${SCRIPT_OUTPUT_FILE_0}\"\n";
			showEnvVarsInLog = 0;
		};
		E95E7DB1491111062BEF860B /* [CP] Embed Pods Frameworks */ = {
			isa = PBXShellScriptBuildPhase;
			buildActionMask = 2147483647;
			files = (
			);
			inputFileListPaths = (
				"${PODS_ROOT}/Target Support Files/Pods-SwiftUIExample/Pods-SwiftUIExample-frameworks-${CONFIGURATION}-input-files.xcfilelist",
			);
			name = "[CP] Embed Pods Frameworks";
			outputFileListPaths = (
				"${PODS_ROOT}/Target Support Files/Pods-SwiftUIExample/Pods-SwiftUIExample-frameworks-${CONFIGURATION}-output-files.xcfilelist",
			);
			runOnlyForDeploymentPostprocessing = 0;
			shellPath = /bin/sh;
			shellScript = "\"${PODS_ROOT}/Target Support Files/Pods-SwiftUIExample/Pods-SwiftUIExample-frameworks.sh\"\n";
			showEnvVarsInLog = 0;
		};
/* End PBXShellScriptBuildPhase section */

/* Begin PBXSourcesBuildPhase section */
		02B6FFEE25C326FE004281A4 /* Sources */ = {
			isa = PBXSourcesBuildPhase;
			buildActionMask = 2147483647;
			files = (
				0288B15A25C580BE00E76E32 /* AppDelegate.swift in Sources */,
				02B6FFF825C326FE004281A4 /* ContentView.swift in Sources */,
				0288B15D25C580FA00E76E32 /* SceneDelegate.swift in Sources */,
			);
			runOnlyForDeploymentPostprocessing = 0;
		};
/* End PBXSourcesBuildPhase section */

/* Begin XCBuildConfiguration section */
		02B6000025C326FF004281A4 /* Release */ = {
			isa = XCBuildConfiguration;
			buildSettings = {
				ALWAYS_SEARCH_USER_PATHS = NO;
				CLANG_ANALYZER_NONNULL = YES;
				CLANG_ANALYZER_NUMBER_OBJECT_CONVERSION = YES_AGGRESSIVE;
				CLANG_CXX_LANGUAGE_STANDARD = "gnu++14";
				CLANG_CXX_LIBRARY = "libc++";
				CLANG_ENABLE_MODULES = YES;
				CLANG_ENABLE_OBJC_ARC = YES;
				CLANG_ENABLE_OBJC_WEAK = YES;
				CLANG_WARN_BLOCK_CAPTURE_AUTORELEASING = YES;
				CLANG_WARN_BOOL_CONVERSION = YES;
				CLANG_WARN_COMMA = YES;
				CLANG_WARN_CONSTANT_CONVERSION = YES;
				CLANG_WARN_DEPRECATED_OBJC_IMPLEMENTATIONS = YES;
				CLANG_WARN_DIRECT_OBJC_ISA_USAGE = YES_ERROR;
				CLANG_WARN_DOCUMENTATION_COMMENTS = YES;
				CLANG_WARN_EMPTY_BODY = YES;
				CLANG_WARN_ENUM_CONVERSION = YES;
				CLANG_WARN_INFINITE_RECURSION = YES;
				CLANG_WARN_INT_CONVERSION = YES;
				CLANG_WARN_NON_LITERAL_NULL_CONVERSION = YES;
				CLANG_WARN_OBJC_IMPLICIT_RETAIN_SELF = YES;
				CLANG_WARN_OBJC_LITERAL_CONVERSION = YES;
				CLANG_WARN_OBJC_ROOT_CLASS = YES_ERROR;
				CLANG_WARN_QUOTED_INCLUDE_IN_FRAMEWORK_HEADER = YES;
				CLANG_WARN_RANGE_LOOP_ANALYSIS = YES;
				CLANG_WARN_STRICT_PROTOTYPES = YES;
				CLANG_WARN_SUSPICIOUS_MOVE = YES;
				CLANG_WARN_UNGUARDED_AVAILABILITY = YES_AGGRESSIVE;
				CLANG_WARN_UNREACHABLE_CODE = YES;
				CLANG_WARN__DUPLICATE_METHOD_MATCH = YES;
				COPY_PHASE_STRIP = NO;
				DEBUG_INFORMATION_FORMAT = "dwarf-with-dsym";
				ENABLE_NS_ASSERTIONS = NO;
				ENABLE_STRICT_OBJC_MSGSEND = YES;
				GCC_C_LANGUAGE_STANDARD = gnu11;
				GCC_NO_COMMON_BLOCKS = YES;
				GCC_WARN_64_TO_32_BIT_CONVERSION = YES;
				GCC_WARN_ABOUT_RETURN_TYPE = YES_ERROR;
				GCC_WARN_UNDECLARED_SELECTOR = YES;
				GCC_WARN_UNINITIALIZED_AUTOS = YES_AGGRESSIVE;
				GCC_WARN_UNUSED_FUNCTION = YES;
				GCC_WARN_UNUSED_VARIABLE = YES;
				IPHONEOS_DEPLOYMENT_TARGET = 14.3;
				MTL_ENABLE_DEBUG_INFO = NO;
				MTL_FAST_MATH = YES;
				SDKROOT = iphoneos;
				SWIFT_COMPILATION_MODE = wholemodule;
				SWIFT_OPTIMIZATION_LEVEL = "-O";
				VALIDATE_PRODUCT = YES;
			};
			name = Release;
		};
		02B6000225C326FF004281A4 /* Debug */ = {
			isa = XCBuildConfiguration;
			baseConfigurationReference = F704805AE40ACAF49F096182 /* Pods-SwiftUIExample.debug.xcconfig */;
			buildSettings = {
				ASSETCATALOG_COMPILER_APPICON_NAME = AppIcon;
				ASSETCATALOG_COMPILER_GLOBAL_ACCENT_COLOR_NAME = AccentColor;
				CODE_SIGN_ENTITLEMENTS = SwiftUIExample/SwiftUIExample.entitlements;
				CODE_SIGN_STYLE = Automatic;
				DEVELOPMENT_ASSET_PATHS = "\"SwiftUIExample/Preview Content\"";
				DEVELOPMENT_TEAM = 9HC298K985;
				ENABLE_PREVIEWS = YES;
				INFOPLIST_FILE = SwiftUIExample/Info.plist;
				IPHONEOS_DEPLOYMENT_TARGET = 13.0;
				LD_RUNPATH_SEARCH_PATHS = (
					"$(inherited)",
					"@executable_path/Frameworks",
				);
				PRODUCT_BUNDLE_IDENTIFIER = OO.SwiftUIExample;
				PRODUCT_NAME = "$(TARGET_NAME)";
				SUPPORTS_MACCATALYST = YES;
				SWIFT_VERSION = 5.0;
				TARGETED_DEVICE_FAMILY = "1,2";
			};
			name = Debug;
		};
		02B6000325C326FF004281A4 /* Release */ = {
			isa = XCBuildConfiguration;
			baseConfigurationReference = C8714A3908AA22A3AC5193EB /* Pods-SwiftUIExample.release.xcconfig */;
			buildSettings = {
				ASSETCATALOG_COMPILER_APPICON_NAME = AppIcon;
				ASSETCATALOG_COMPILER_GLOBAL_ACCENT_COLOR_NAME = AccentColor;
				CODE_SIGN_ENTITLEMENTS = SwiftUIExample/SwiftUIExample.entitlements;
				CODE_SIGN_STYLE = Automatic;
				DEVELOPMENT_ASSET_PATHS = "\"SwiftUIExample/Preview Content\"";
				DEVELOPMENT_TEAM = 9HC298K985;
				ENABLE_PREVIEWS = YES;
				INFOPLIST_FILE = SwiftUIExample/Info.plist;
				IPHONEOS_DEPLOYMENT_TARGET = 13.0;
				LD_RUNPATH_SEARCH_PATHS = (
					"$(inherited)",
					"@executable_path/Frameworks",
				);
				PRODUCT_BUNDLE_IDENTIFIER = OO.SwiftUIExample;
				PRODUCT_NAME = "$(TARGET_NAME)";
				SUPPORTS_MACCATALYST = YES;
				SWIFT_VERSION = 5.0;
				TARGETED_DEVICE_FAMILY = "1,2";
			};
			name = Release;
		};
		02B6FFFF25C326FF004281A4 /* Debug */ = {
			isa = XCBuildConfiguration;
			buildSettings = {
				ALWAYS_SEARCH_USER_PATHS = NO;
				CLANG_ANALYZER_NONNULL = YES;
				CLANG_ANALYZER_NUMBER_OBJECT_CONVERSION = YES_AGGRESSIVE;
				CLANG_CXX_LANGUAGE_STANDARD = "gnu++14";
				CLANG_CXX_LIBRARY = "libc++";
				CLANG_ENABLE_MODULES = YES;
				CLANG_ENABLE_OBJC_ARC = YES;
				CLANG_ENABLE_OBJC_WEAK = YES;
				CLANG_WARN_BLOCK_CAPTURE_AUTORELEASING = YES;
				CLANG_WARN_BOOL_CONVERSION = YES;
				CLANG_WARN_COMMA = YES;
				CLANG_WARN_CONSTANT_CONVERSION = YES;
				CLANG_WARN_DEPRECATED_OBJC_IMPLEMENTATIONS = YES;
				CLANG_WARN_DIRECT_OBJC_ISA_USAGE = YES_ERROR;
				CLANG_WARN_DOCUMENTATION_COMMENTS = YES;
				CLANG_WARN_EMPTY_BODY = YES;
				CLANG_WARN_ENUM_CONVERSION = YES;
				CLANG_WARN_INFINITE_RECURSION = YES;
				CLANG_WARN_INT_CONVERSION = YES;
				CLANG_WARN_NON_LITERAL_NULL_CONVERSION = YES;
				CLANG_WARN_OBJC_IMPLICIT_RETAIN_SELF = YES;
				CLANG_WARN_OBJC_LITERAL_CONVERSION = YES;
				CLANG_WARN_OBJC_ROOT_CLASS = YES_ERROR;
				CLANG_WARN_QUOTED_INCLUDE_IN_FRAMEWORK_HEADER = YES;
				CLANG_WARN_RANGE_LOOP_ANALYSIS = YES;
				CLANG_WARN_STRICT_PROTOTYPES = YES;
				CLANG_WARN_SUSPICIOUS_MOVE = YES;
				CLANG_WARN_UNGUARDED_AVAILABILITY = YES_AGGRESSIVE;
				CLANG_WARN_UNREACHABLE_CODE = YES;
				CLANG_WARN__DUPLICATE_METHOD_MATCH = YES;
				COPY_PHASE_STRIP = NO;
				DEBUG_INFORMATION_FORMAT = dwarf;
				ENABLE_STRICT_OBJC_MSGSEND = YES;
				ENABLE_TESTABILITY = YES;
				GCC_C_LANGUAGE_STANDARD = gnu11;
				GCC_DYNAMIC_NO_PIC = NO;
				GCC_NO_COMMON_BLOCKS = YES;
				GCC_OPTIMIZATION_LEVEL = 0;
				GCC_PREPROCESSOR_DEFINITIONS = (
					"DEBUG=1",
					"$(inherited)",
				);
				GCC_WARN_64_TO_32_BIT_CONVERSION = YES;
				GCC_WARN_ABOUT_RETURN_TYPE = YES_ERROR;
				GCC_WARN_UNDECLARED_SELECTOR = YES;
				GCC_WARN_UNINITIALIZED_AUTOS = YES_AGGRESSIVE;
				GCC_WARN_UNUSED_FUNCTION = YES;
				GCC_WARN_UNUSED_VARIABLE = YES;
				IPHONEOS_DEPLOYMENT_TARGET = 14.3;
				MTL_ENABLE_DEBUG_INFO = INCLUDE_SOURCE;
				MTL_FAST_MATH = YES;
				ONLY_ACTIVE_ARCH = YES;
				SDKROOT = iphoneos;
				SWIFT_ACTIVE_COMPILATION_CONDITIONS = DEBUG;
				SWIFT_OPTIMIZATION_LEVEL = "-Onone";
			};
			name = Debug;
		};
/* End XCBuildConfiguration section */

/* Begin XCConfigurationList section */
		02B6000125C326FF004281A4 /* Build configuration list for PBXNativeTarget "SwiftUIExample" */ = {
			isa = XCConfigurationList;
			buildConfigurations = (
				02B6000225C326FF004281A4 /* Debug */,
				02B6000325C326FF004281A4 /* Release */,
			);
			defaultConfigurationIsVisible = 0;
			defaultConfigurationName = Release;
		};
		02B6FFED25C326FE004281A4 /* Build configuration list for PBXProject "SwiftUIExample" */ = {
			isa = XCConfigurationList;
			buildConfigurations = (
				02B6FFFF25C326FF004281A4 /* Debug */,
				02B6000025C326FF004281A4 /* Release */,
			);
			defaultConfigurationIsVisible = 0;
			defaultConfigurationName = Release;
		};
/* End XCConfigurationList section */
	};
	rootObject = 02B6FFEA25C326FE004281A4 /* Project object */;
}
